<?xml version="1.0" encoding="utf-8"?>
<Project ToolsVersion="4.0" xmlns="http://schemas.microsoft.com/developer/msbuild/2003">
  <ItemGroup>
    <Filter Include="Source Files">
      <UniqueIdentifier>{4FC737F1-C7A5-4376-A066-2A32D752A2FF}</UniqueIdentifier>
      <Extensions>cpp;c;cc;cxx;def;odl;idl;hpj;bat;asm;asmx</Extensions>
    </Filter>
    <Filter Include="Header Files">
      <UniqueIdentifier>{93995380-89BD-4b04-88EB-625FBE52EBFB}</UniqueIdentifier>
      <Extensions>h;hh;hpp;hxx;hm;inl;inc;xsd</Extensions>
    </Filter>
    <Filter Include="Resource Files">
      <UniqueIdentifier>{67DA6AB6-F800-4c08-8B7A-83BB121AAD01}</UniqueIdentifier>
      <Extensions>rc;ico;cur;bmp;dlg;rc2;rct;bin;rgs;gif;jpg;jpeg;jpe;resx;tiff;tif;png;wav;mfcribbon-ms</Extensions>
    </Filter>
    <Filter Include="src">
      <UniqueIdentifier>{e2f5457d-4a0f-457a-af99-5695afce708e}</UniqueIdentifier>
    </Filter>
    <Filter Include="src\_micro-api-readonly">
      <UniqueIdentifier>{fabb849b-d68d-4463-9764-d1803a8b3d59}</UniqueIdentifier>
    </Filter>
    <Filter Include="src\_micro-api-readonly\core">
      <UniqueIdentifier>{3a2c0f91-5b97-4b6a-84ca-fe861db4f938}</UniqueIdentifier>
    </Filter>
    <Filter Include="src\_micro-api-readonly\core\apps">
      <UniqueIdentifier>{5d883c6a-1c37-4ce8-bd34-5b1faedfc19a}</UniqueIdentifier>
    </Filter>
    <Filter Include="src\_micro-api-readonly\core\apps\sntp">
      <UniqueIdentifier>{c766271f-84e5-48f5-96c9-248d48ed451e}</UniqueIdentifier>
    </Filter>
    <Filter Include="src\_micro-api-readonly\core\libb64">
      <UniqueIdentifier>{1d3a89a3-f3e3-4764-b665-936b2dd15e8a}</UniqueIdentifier>
    </Filter>
    <Filter Include="src\_micro-api-readonly\libraries">
      <UniqueIdentifier>{a8e70248-e3a3-4bb8-a0cd-766efef62718}</UniqueIdentifier>
    </Filter>
    <Filter Include="src\_micro-api-readonly\libraries\Arduino_JSON">
      <UniqueIdentifier>{0b15eb58-6529-46c7-bca8-ce84293eabd9}</UniqueIdentifier>
    </Filter>
    <Filter Include="src\_micro-api-readonly\libraries\ArduinoJson">
      <UniqueIdentifier>{d7842c89-48ca-4fc5-933d-481863b57f0a}</UniqueIdentifier>
    </Filter>
    <Filter Include="src\_micro-api-readonly\libraries\WiFi">
      <UniqueIdentifier>{54eb8f56-091e-4e0b-8f8b-14a297e89b92}</UniqueIdentifier>
    </Filter>
    <Filter Include="src\_micro-api-readonly\libraries\WebServer">
      <UniqueIdentifier>{1f961d55-90ab-4147-9117-93d900396544}</UniqueIdentifier>
    </Filter>
    <Filter Include="src\_micro-api-readonly\libraries\ESPmDNS">
      <UniqueIdentifier>{30249d79-5dda-49c5-a807-bdc6ce038fd0}</UniqueIdentifier>
    </Filter>
    <Filter Include="src\_micro-api-readonly\libraries\FS">
      <UniqueIdentifier>{daaf9331-ec3a-494a-94f9-4e8c4301fea1}</UniqueIdentifier>
    </Filter>
    <Filter Include="src\_micro-api-readonly\libraries\SPIFFS">
      <UniqueIdentifier>{d519be3a-11e9-4d5e-b441-b796a63b54b0}</UniqueIdentifier>
    </Filter>
    <Filter Include="src\_micro-api-readonly\libraries\OneButton">
      <UniqueIdentifier>{81b15c89-694b-4bea-a001-00c7649ed622}</UniqueIdentifier>
    </Filter>
    <Filter Include="src\_micro-api-readonly\libraries\Wire">
      <UniqueIdentifier>{ac2b7414-4a00-4dea-883f-4ee2bb73bbee}</UniqueIdentifier>
    </Filter>
    <Filter Include="src\_micro-api-readonly\libraries\LiquidCrystal_I2C">
      <UniqueIdentifier>{ffc0218e-7a2e-4fe8-87f7-ccdf99fea0f7}</UniqueIdentifier>
    </Filter>
  </ItemGroup>
  <ItemGroup>
    <None Include="Esp32_PowerSupply.ino" />
    <None Include="..\libraries\Arduino_JSON\library.properties">
      <Filter>src\_micro-api-readonly\libraries\Arduino_JSON</Filter>
    </None>
    <None Include="..\libraries\ArduinoJson\library.json">
      <Filter>src\_micro-api-readonly\libraries\ArduinoJson</Filter>
    </None>
    <None Include="..\libraries\ArduinoJson\library.properties">
      <Filter>src\_micro-api-readonly\libraries\ArduinoJson</Filter>
    </None>
    <None Include="C:\Users\admin\AppData\Local\arduino15\packages\esp32\hardware\esp32\1.0.3\libraries\WiFi\library.properties">
      <Filter>src\_micro-api-readonly\libraries\WiFi</Filter>
    </None>
    <None Include="C:\Users\admin\AppData\Local\arduino15\packages\esp32\hardware\esp32\1.0.3\libraries\WebServer\library.properties">
      <Filter>src\_micro-api-readonly\libraries\WebServer</Filter>
    </None>
    <None Include="C:\Users\admin\AppData\Local\arduino15\packages\esp32\hardware\esp32\1.0.3\libraries\ESPmDNS\library.properties">
      <Filter>src\_micro-api-readonly\libraries\ESPmDNS</Filter>
    </None>
    <None Include="C:\Users\admin\AppData\Local\arduino15\packages\esp32\hardware\esp32\1.0.3\libraries\FS\library.properties">
      <Filter>src\_micro-api-readonly\libraries\FS</Filter>
    </None>
    <None Include="C:\Users\admin\AppData\Local\arduino15\packages\esp32\hardware\esp32\1.0.3\libraries\SPIFFS\library.properties">
      <Filter>src\_micro-api-readonly\libraries\SPIFFS</Filter>
    </None>
    <None Include="..\libraries\OneButton\library.json">
      <Filter>src\_micro-api-readonly\libraries\OneButton</Filter>
    </None>
    <None Include="..\libraries\OneButton\library.properties">
      <Filter>src\_micro-api-readonly\libraries\OneButton</Filter>
    </None>
    <None Include="C:\Users\admin\AppData\Local\arduino15\packages\esp32\hardware\esp32\1.0.3\libraries\Wire\library.properties">
      <Filter>src\_micro-api-readonly\libraries\Wire</Filter>
    </None>
    <None Include="..\libraries\LiquidCrystal_I2C\library.json">
      <Filter>src\_micro-api-readonly\libraries\LiquidCrystal_I2C</Filter>
    </None>
    <None Include="..\libraries\LiquidCrystal_I2C\library.properties">
      <Filter>src\_micro-api-readonly\libraries\LiquidCrystal_I2C</Filter>
    </None>
    <None Include="WebServer.ino" />
    <None Include="Encoder.ino" />
    <None Include="LCD.ino" />
    <None Include="FTPServer.ino" />
    <None Include="FreeRTOS.ino" />
    <None Include="Debug.ino" />
    <None Include="NTP.ino" />
    <None Include="WiFi.ino" />
    <None Include="Tasks.ino" />
    <None Include="PowerSupply.ino" />
    <None Include="Config.ino" />
    <None Include="Blynk.ino" />
  </ItemGroup>
  <ItemGroup>
    <ClInclude Include="__vm\.Esp32_PowerSupply.vsarduino.h">
      <Filter>Header Files</Filter>
    </ClInclude>
    <ClInclude Include="C:\Users\admin\AppData\Local\arduino15\packages\esp32\hardware\esp32\1.0.3\cores\esp32\Arduino.h">
      <Filter>src\_micro-api-readonly\core</Filter>
    </ClInclude>
    <ClInclude Include="C:\Users\admin\AppData\Local\arduino15\packages\esp32\hardware\esp32\1.0.3\cores\esp32\base64.h">
      <Filter>src\_micro-api-readonly\core</Filter>
    </ClInclude>
    <ClInclude Include="C:\Users\admin\AppData\Local\arduino15\packages\esp32\hardware\esp32\1.0.3\cores\esp32\binary.h">
      <Filter>src\_micro-api-readonly\core</Filter>
    </ClInclude>
    <ClInclude Include="C:\Users\admin\AppData\Local\arduino15\packages\esp32\hardware\esp32\1.0.3\cores\esp32\cbuf.h">
      <Filter>src\_micro-api-readonly\core</Filter>
    </ClInclude>
    <ClInclude Include="C:\Users\admin\AppData\Local\arduino15\packages\esp32\hardware\esp32\1.0.3\cores\esp32\Client.h">
      <Filter>src\_micro-api-readonly\core</Filter>
    </ClInclude>
    <ClInclude Include="C:\Users\admin\AppData\Local\arduino15\packages\esp32\hardware\esp32\1.0.3\cores\esp32\core_version.h">
      <Filter>src\_micro-api-readonly\core</Filter>
    </ClInclude>
    <ClInclude Include="C:\Users\admin\AppData\Local\arduino15\packages\esp32\hardware\esp32\1.0.3\cores\esp32\Esp.h">
      <Filter>src\_micro-api-readonly\core</Filter>
    </ClInclude>
    <ClInclude Include="C:\Users\admin\AppData\Local\arduino15\packages\esp32\hardware\esp32\1.0.3\cores\esp32\esp32-hal-adc.h">
      <Filter>src\_micro-api-readonly\core</Filter>
    </ClInclude>
    <ClInclude Include="C:\Users\admin\AppData\Local\arduino15\packages\esp32\hardware\esp32\1.0.3\cores\esp32\esp32-hal-bt.h">
      <Filter>src\_micro-api-readonly\core</Filter>
    </ClInclude>
    <ClInclude Include="C:\Users\admin\AppData\Local\arduino15\packages\esp32\hardware\esp32\1.0.3\cores\esp32\esp32-hal-cpu.h">
      <Filter>src\_micro-api-readonly\core</Filter>
    </ClInclude>
    <ClInclude Include="C:\Users\admin\AppData\Local\arduino15\packages\esp32\hardware\esp32\1.0.3\cores\esp32\esp32-hal-dac.h">
      <Filter>src\_micro-api-readonly\core</Filter>
    </ClInclude>
    <ClInclude Include="C:\Users\admin\AppData\Local\arduino15\packages\esp32\hardware\esp32\1.0.3\cores\esp32\esp32-hal-gpio.h">
      <Filter>src\_micro-api-readonly\core</Filter>
    </ClInclude>
    <ClInclude Include="C:\Users\admin\AppData\Local\arduino15\packages\esp32\hardware\esp32\1.0.3\cores\esp32\esp32-hal-i2c.h">
      <Filter>src\_micro-api-readonly\core</Filter>
    </ClInclude>
    <ClInclude Include="C:\Users\admin\AppData\Local\arduino15\packages\esp32\hardware\esp32\1.0.3\cores\esp32\esp32-hal-ledc.h">
      <Filter>src\_micro-api-readonly\core</Filter>
    </ClInclude>
    <ClInclude Include="C:\Users\admin\AppData\Local\arduino15\packages\esp32\hardware\esp32\1.0.3\cores\esp32\esp32-hal-log.h">
      <Filter>src\_micro-api-readonly\core</Filter>
    </ClInclude>
    <ClInclude Include="C:\Users\admin\AppData\Local\arduino15\packages\esp32\hardware\esp32\1.0.3\cores\esp32\esp32-hal-matrix.h">
      <Filter>src\_micro-api-readonly\core</Filter>
    </ClInclude>
    <ClInclude Include="C:\Users\admin\AppData\Local\arduino15\packages\esp32\hardware\esp32\1.0.3\cores\esp32\esp32-hal-psram.h">
      <Filter>src\_micro-api-readonly\core</Filter>
    </ClInclude>
    <ClInclude Include="C:\Users\admin\AppData\Local\arduino15\packages\esp32\hardware\esp32\1.0.3\cores\esp32\esp32-hal-rmt.h">
      <Filter>src\_micro-api-readonly\core</Filter>
    </ClInclude>
    <ClInclude Include="C:\Users\admin\AppData\Local\arduino15\packages\esp32\hardware\esp32\1.0.3\cores\esp32\esp32-hal-sigmadelta.h">
      <Filter>src\_micro-api-readonly\core</Filter>
    </ClInclude>
    <ClInclude Include="C:\Users\admin\AppData\Local\arduino15\packages\esp32\hardware\esp32\1.0.3\cores\esp32\esp32-hal-spi.h">
      <Filter>src\_micro-api-readonly\core</Filter>
    </ClInclude>
    <ClInclude Include="C:\Users\admin\AppData\Local\arduino15\packages\esp32\hardware\esp32\1.0.3\cores\esp32\esp32-hal-timer.h">
      <Filter>src\_micro-api-readonly\core</Filter>
    </ClInclude>
    <ClInclude Include="C:\Users\admin\AppData\Local\arduino15\packages\esp32\hardware\esp32\1.0.3\cores\esp32\esp32-hal-touch.h">
      <Filter>src\_micro-api-readonly\core</Filter>
    </ClInclude>
    <ClInclude Include="C:\Users\admin\AppData\Local\arduino15\packages\esp32\hardware\esp32\1.0.3\cores\esp32\esp32-hal-uart.h">
      <Filter>src\_micro-api-readonly\core</Filter>
    </ClInclude>
    <ClInclude Include="C:\Users\admin\AppData\Local\arduino15\packages\esp32\hardware\esp32\1.0.3\cores\esp32\esp32-hal.h">
      <Filter>src\_micro-api-readonly\core</Filter>
    </ClInclude>
    <ClInclude Include="C:\Users\admin\AppData\Local\arduino15\packages\esp32\hardware\esp32\1.0.3\cores\esp32\esp8266-compat.h">
      <Filter>src\_micro-api-readonly\core</Filter>
    </ClInclude>
    <ClInclude Include="C:\Users\admin\AppData\Local\arduino15\packages\esp32\hardware\esp32\1.0.3\cores\esp32\FunctionalInterrupt.h">
      <Filter>src\_micro-api-readonly\core</Filter>
    </ClInclude>
    <ClInclude Include="C:\Users\admin\AppData\Local\arduino15\packages\esp32\hardware\esp32\1.0.3\cores\esp32\HardwareSerial.h">
      <Filter>src\_micro-api-readonly\core</Filter>
    </ClInclude>
    <ClInclude Include="C:\Users\admin\AppData\Local\arduino15\packages\esp32\hardware\esp32\1.0.3\cores\esp32\IPAddress.h">
      <Filter>src\_micro-api-readonly\core</Filter>
    </ClInclude>
    <ClInclude Include="C:\Users\admin\AppData\Local\arduino15\packages\esp32\hardware\esp32\1.0.3\cores\esp32\IPv6Address.h">
      <Filter>src\_micro-api-readonly\core</Filter>
    </ClInclude>
    <ClInclude Include="C:\Users\admin\AppData\Local\arduino15\packages\esp32\hardware\esp32\1.0.3\cores\esp32\MD5Builder.h">
      <Filter>src\_micro-api-readonly\core</Filter>
    </ClInclude>
    <ClInclude Include="C:\Users\admin\AppData\Local\arduino15\packages\esp32\hardware\esp32\1.0.3\cores\esp32\pgmspace.h">
      <Filter>src\_micro-api-readonly\core</Filter>
    </ClInclude>
    <ClInclude Include="C:\Users\admin\AppData\Local\arduino15\packages\esp32\hardware\esp32\1.0.3\cores\esp32\Print.h">
      <Filter>src\_micro-api-readonly\core</Filter>
    </ClInclude>
    <ClInclude Include="C:\Users\admin\AppData\Local\arduino15\packages\esp32\hardware\esp32\1.0.3\cores\esp32\Printable.h">
      <Filter>src\_micro-api-readonly\core</Filter>
    </ClInclude>
    <ClInclude Include="C:\Users\admin\AppData\Local\arduino15\packages\esp32\hardware\esp32\1.0.3\cores\esp32\Server.h">
      <Filter>src\_micro-api-readonly\core</Filter>
    </ClInclude>
    <ClInclude Include="C:\Users\admin\AppData\Local\arduino15\packages\esp32\hardware\esp32\1.0.3\cores\esp32\stdlib_noniso.h">
      <Filter>src\_micro-api-readonly\core</Filter>
    </ClInclude>
    <ClInclude Include="C:\Users\admin\AppData\Local\arduino15\packages\esp32\hardware\esp32\1.0.3\cores\esp32\Stream.h">
      <Filter>src\_micro-api-readonly\core</Filter>
    </ClInclude>
    <ClInclude Include="C:\Users\admin\AppData\Local\arduino15\packages\esp32\hardware\esp32\1.0.3\cores\esp32\StreamString.h">
      <Filter>src\_micro-api-readonly\core</Filter>
    </ClInclude>
    <ClInclude Include="C:\Users\admin\AppData\Local\arduino15\packages\esp32\hardware\esp32\1.0.3\cores\esp32\Udp.h">
      <Filter>src\_micro-api-readonly\core</Filter>
    </ClInclude>
    <ClInclude Include="C:\Users\admin\AppData\Local\arduino15\packages\esp32\hardware\esp32\1.0.3\cores\esp32\WCharacter.h">
      <Filter>src\_micro-api-readonly\core</Filter>
    </ClInclude>
    <ClInclude Include="C:\Users\admin\AppData\Local\arduino15\packages\esp32\hardware\esp32\1.0.3\cores\esp32\wiring_private.h">
      <Filter>src\_micro-api-readonly\core</Filter>
    </ClInclude>
    <ClInclude Include="C:\Users\admin\AppData\Local\arduino15\packages\esp32\hardware\esp32\1.0.3\cores\esp32\WString.h">
      <Filter>src\_micro-api-readonly\core</Filter>
    </ClInclude>
    <ClInclude Include="C:\Users\admin\AppData\Local\arduino15\packages\esp32\hardware\esp32\1.0.3\cores\esp32\apps\sntp\sntp.h">
      <Filter>src\_micro-api-readonly\core\apps\sntp</Filter>
    </ClInclude>
    <ClInclude Include="C:\Users\admin\AppData\Local\arduino15\packages\esp32\hardware\esp32\1.0.3\cores\esp32\libb64\cdecode.h">
      <Filter>src\_micro-api-readonly\core\libb64</Filter>
    </ClInclude>
    <ClInclude Include="C:\Users\admin\AppData\Local\arduino15\packages\esp32\hardware\esp32\1.0.3\cores\esp32\libb64\cencode.h">
      <Filter>src\_micro-api-readonly\core\libb64</Filter>
    </ClInclude>
    <ClInclude Include="C:\Users\admin\AppData\Local\arduino15\packages\esp32\hardware\esp32\1.0.3\variants\lolin32\pins_arduino.h">
      <Filter>src\_micro-api-readonly\core</Filter>
    </ClInclude>
    <ClInclude Include="..\libraries\Arduino_JSON\src\Arduino_JSON.h">
      <Filter>src\_micro-api-readonly\libraries\Arduino_JSON</Filter>
    </ClInclude>
    <ClInclude Include="..\libraries\Arduino_JSON\src\JSON.h">
      <Filter>src\_micro-api-readonly\libraries\Arduino_JSON</Filter>
    </ClInclude>
    <ClInclude Include="..\libraries\Arduino_JSON\src\JSONVar.h">
      <Filter>src\_micro-api-readonly\libraries\Arduino_JSON</Filter>
    </ClInclude>
    <ClInclude Include="..\libraries\Arduino_JSON\src\cjson\cJSON.h">
      <Filter>src\_micro-api-readonly\libraries\Arduino_JSON</Filter>
    </ClInclude>
    <ClInclude Include="..\libraries\ArduinoJson\ArduinoJson.h">
      <Filter>src\_micro-api-readonly\libraries\ArduinoJson</Filter>
    </ClInclude>
    <ClInclude Include="..\libraries\ArduinoJson\extras\tests\catch\catch.hpp">
      <Filter>src\_micro-api-readonly\libraries\ArduinoJson</Filter>
    </ClInclude>
    <ClInclude Include="..\libraries\ArduinoJson\extras\tests\Misc\custom_string.hpp">
      <Filter>src\_micro-api-readonly\libraries\ArduinoJson</Filter>
    </ClInclude>
    <ClInclude Include="..\libraries\ArduinoJson\extras\tests\MixedConfiguration\progmem_emulation.hpp">
      <Filter>src\_micro-api-readonly\libraries\ArduinoJson</Filter>
    </ClInclude>
    <ClInclude Include="..\libraries\ArduinoJson\src\ArduinoJson.h">
      <Filter>src\_micro-api-readonly\libraries\ArduinoJson</Filter>
    </ClInclude>
    <ClInclude Include="..\libraries\ArduinoJson\src\ArduinoJson.hpp">
      <Filter>src\_micro-api-readonly\libraries\ArduinoJson</Filter>
    </ClInclude>
    <ClInclude Include="..\libraries\ArduinoJson\src\ArduinoJson\compatibility.hpp">
      <Filter>src\_micro-api-readonly\libraries\ArduinoJson</Filter>
    </ClInclude>
    <ClInclude Include="..\libraries\ArduinoJson\src\ArduinoJson\Configuration.hpp">
      <Filter>src\_micro-api-readonly\libraries\ArduinoJson</Filter>
    </ClInclude>
    <ClInclude Include="..\libraries\ArduinoJson\src\ArduinoJson\Namespace.hpp">
      <Filter>src\_micro-api-readonly\libraries\ArduinoJson</Filter>
    </ClInclude>
    <ClInclude Include="..\libraries\ArduinoJson\src\ArduinoJson\version.hpp">
      <Filter>src\_micro-api-readonly\libraries\ArduinoJson</Filter>
    </ClInclude>
    <ClInclude Include="..\libraries\ArduinoJson\src\ArduinoJson\Array\ArrayFunctions.hpp">
      <Filter>src\_micro-api-readonly\libraries\ArduinoJson</Filter>
    </ClInclude>
    <ClInclude Include="..\libraries\ArduinoJson\src\ArduinoJson\Array\ArrayImpl.hpp">
      <Filter>src\_micro-api-readonly\libraries\ArduinoJson</Filter>
    </ClInclude>
    <ClInclude Include="..\libraries\ArduinoJson\src\ArduinoJson\Array\ArrayIterator.hpp">
      <Filter>src\_micro-api-readonly\libraries\ArduinoJson</Filter>
    </ClInclude>
    <ClInclude Include="..\libraries\ArduinoJson\src\ArduinoJson\Array\ArrayRef.hpp">
      <Filter>src\_micro-api-readonly\libraries\ArduinoJson</Filter>
    </ClInclude>
    <ClInclude Include="..\libraries\ArduinoJson\src\ArduinoJson\Array\ArrayShortcuts.hpp">
      <Filter>src\_micro-api-readonly\libraries\ArduinoJson</Filter>
    </ClInclude>
    <ClInclude Include="..\libraries\ArduinoJson\src\ArduinoJson\Array\ElementProxy.hpp">
      <Filter>src\_micro-api-readonly\libraries\ArduinoJson</Filter>
    </ClInclude>
    <ClInclude Include="..\libraries\ArduinoJson\src\ArduinoJson\Array\Utilities.hpp">
      <Filter>src\_micro-api-readonly\libraries\ArduinoJson</Filter>
    </ClInclude>
    <ClInclude Include="..\libraries\ArduinoJson\src\ArduinoJson\Collection\CollectionData.hpp">
      <Filter>src\_micro-api-readonly\libraries\ArduinoJson</Filter>
    </ClInclude>
    <ClInclude Include="..\libraries\ArduinoJson\src\ArduinoJson\Collection\CollectionImpl.hpp">
      <Filter>src\_micro-api-readonly\libraries\ArduinoJson</Filter>
    </ClInclude>
    <ClInclude Include="..\libraries\ArduinoJson\src\ArduinoJson\Deserialization\ArduinoStreamReader.hpp">
      <Filter>src\_micro-api-readonly\libraries\ArduinoJson</Filter>
    </ClInclude>
    <ClInclude Include="..\libraries\ArduinoJson\src\ArduinoJson\Deserialization\CharPointerReader.hpp">
      <Filter>src\_micro-api-readonly\libraries\ArduinoJson</Filter>
    </ClInclude>
    <ClInclude Include="..\libraries\ArduinoJson\src\ArduinoJson\Deserialization\DeserializationError.hpp">
      <Filter>src\_micro-api-readonly\libraries\ArduinoJson</Filter>
    </ClInclude>
    <ClInclude Include="..\libraries\ArduinoJson\src\ArduinoJson\Deserialization\deserialize.hpp">
      <Filter>src\_micro-api-readonly\libraries\ArduinoJson</Filter>
    </ClInclude>
    <ClInclude Include="..\libraries\ArduinoJson\src\ArduinoJson\Deserialization\FlashStringReader.hpp">
      <Filter>src\_micro-api-readonly\libraries\ArduinoJson</Filter>
    </ClInclude>
    <ClInclude Include="..\libraries\ArduinoJson\src\ArduinoJson\Deserialization\IteratorReader.hpp">
      <Filter>src\_micro-api-readonly\libraries\ArduinoJson</Filter>
    </ClInclude>
    <ClInclude Include="..\libraries\ArduinoJson\src\ArduinoJson\Deserialization\NestingLimit.hpp">
      <Filter>src\_micro-api-readonly\libraries\ArduinoJson</Filter>
    </ClInclude>
    <ClInclude Include="..\libraries\ArduinoJson\src\ArduinoJson\Deserialization\StdStreamReader.hpp">
      <Filter>src\_micro-api-readonly\libraries\ArduinoJson</Filter>
    </ClInclude>
    <ClInclude Include="..\libraries\ArduinoJson\src\ArduinoJson\Document\BasicJsonDocument.hpp">
      <Filter>src\_micro-api-readonly\libraries\ArduinoJson</Filter>
    </ClInclude>
    <ClInclude Include="..\libraries\ArduinoJson\src\ArduinoJson\Document\DynamicJsonDocument.hpp">
      <Filter>src\_micro-api-readonly\libraries\ArduinoJson</Filter>
    </ClInclude>
    <ClInclude Include="..\libraries\ArduinoJson\src\ArduinoJson\Document\JsonDocument.hpp">
      <Filter>src\_micro-api-readonly\libraries\ArduinoJson</Filter>
    </ClInclude>
    <ClInclude Include="..\libraries\ArduinoJson\src\ArduinoJson\Document\StaticJsonDocument.hpp">
      <Filter>src\_micro-api-readonly\libraries\ArduinoJson</Filter>
    </ClInclude>
    <ClInclude Include="..\libraries\ArduinoJson\src\ArduinoJson\Json\EscapeSequence.hpp">
      <Filter>src\_micro-api-readonly\libraries\ArduinoJson</Filter>
    </ClInclude>
    <ClInclude Include="..\libraries\ArduinoJson\src\ArduinoJson\Json\JsonDeserializer.hpp">
      <Filter>src\_micro-api-readonly\libraries\ArduinoJson</Filter>
    </ClInclude>
    <ClInclude Include="..\libraries\ArduinoJson\src\ArduinoJson\Json\JsonSerializer.hpp">
      <Filter>src\_micro-api-readonly\libraries\ArduinoJson</Filter>
    </ClInclude>
    <ClInclude Include="..\libraries\ArduinoJson\src\ArduinoJson\Json\PrettyJsonSerializer.hpp">
      <Filter>src\_micro-api-readonly\libraries\ArduinoJson</Filter>
    </ClInclude>
    <ClInclude Include="..\libraries\ArduinoJson\src\ArduinoJson\Json\TextFormatter.hpp">
      <Filter>src\_micro-api-readonly\libraries\ArduinoJson</Filter>
    </ClInclude>
    <ClInclude Include="..\libraries\ArduinoJson\src\ArduinoJson\Json\Utf8.hpp">
      <Filter>src\_micro-api-readonly\libraries\ArduinoJson</Filter>
    </ClInclude>
    <ClInclude Include="..\libraries\ArduinoJson\src\ArduinoJson\Memory\Alignment.hpp">
      <Filter>src\_micro-api-readonly\libraries\ArduinoJson</Filter>
    </ClInclude>
    <ClInclude Include="..\libraries\ArduinoJson\src\ArduinoJson\Memory\MemoryPool.hpp">
      <Filter>src\_micro-api-readonly\libraries\ArduinoJson</Filter>
    </ClInclude>
    <ClInclude Include="..\libraries\ArduinoJson\src\ArduinoJson\Memory\StringBuilder.hpp">
      <Filter>src\_micro-api-readonly\libraries\ArduinoJson</Filter>
    </ClInclude>
    <ClInclude Include="..\libraries\ArduinoJson\src\ArduinoJson\Memory\StringSlot.hpp">
      <Filter>src\_micro-api-readonly\libraries\ArduinoJson</Filter>
    </ClInclude>
    <ClInclude Include="..\libraries\ArduinoJson\src\ArduinoJson\Misc\SerializedValue.hpp">
      <Filter>src\_micro-api-readonly\libraries\ArduinoJson</Filter>
    </ClInclude>
    <ClInclude Include="..\libraries\ArduinoJson\src\ArduinoJson\Misc\Visitable.hpp">
      <Filter>src\_micro-api-readonly\libraries\ArduinoJson</Filter>
    </ClInclude>
    <ClInclude Include="..\libraries\ArduinoJson\src\ArduinoJson\MsgPack\endianess.hpp">
      <Filter>src\_micro-api-readonly\libraries\ArduinoJson</Filter>
    </ClInclude>
    <ClInclude Include="..\libraries\ArduinoJson\src\ArduinoJson\MsgPack\ieee754.hpp">
      <Filter>src\_micro-api-readonly\libraries\ArduinoJson</Filter>
    </ClInclude>
    <ClInclude Include="..\libraries\ArduinoJson\src\ArduinoJson\MsgPack\MsgPackDeserializer.hpp">
      <Filter>src\_micro-api-readonly\libraries\ArduinoJson</Filter>
    </ClInclude>
    <ClInclude Include="..\libraries\ArduinoJson\src\ArduinoJson\MsgPack\MsgPackSerializer.hpp">
      <Filter>src\_micro-api-readonly\libraries\ArduinoJson</Filter>
    </ClInclude>
    <ClInclude Include="..\libraries\ArduinoJson\src\ArduinoJson\Numbers\convertNumber.hpp">
      <Filter>src\_micro-api-readonly\libraries\ArduinoJson</Filter>
    </ClInclude>
    <ClInclude Include="..\libraries\ArduinoJson\src\ArduinoJson\Numbers\Float.hpp">
      <Filter>src\_micro-api-readonly\libraries\ArduinoJson</Filter>
    </ClInclude>
    <ClInclude Include="..\libraries\ArduinoJson\src\ArduinoJson\Numbers\FloatParts.hpp">
      <Filter>src\_micro-api-readonly\libraries\ArduinoJson</Filter>
    </ClInclude>
    <ClInclude Include="..\libraries\ArduinoJson\src\ArduinoJson\Numbers\FloatTraits.hpp">
      <Filter>src\_micro-api-readonly\libraries\ArduinoJson</Filter>
    </ClInclude>
    <ClInclude Include="..\libraries\ArduinoJson\src\ArduinoJson\Numbers\Integer.hpp">
      <Filter>src\_micro-api-readonly\libraries\ArduinoJson</Filter>
    </ClInclude>
    <ClInclude Include="..\libraries\ArduinoJson\src\ArduinoJson\Numbers\parseFloat.hpp">
      <Filter>src\_micro-api-readonly\libraries\ArduinoJson</Filter>
    </ClInclude>
    <ClInclude Include="..\libraries\ArduinoJson\src\ArduinoJson\Numbers\parseInteger.hpp">
      <Filter>src\_micro-api-readonly\libraries\ArduinoJson</Filter>
    </ClInclude>
    <ClInclude Include="..\libraries\ArduinoJson\src\ArduinoJson\Numbers\parseNumber.hpp">
      <Filter>src\_micro-api-readonly\libraries\ArduinoJson</Filter>
    </ClInclude>
    <ClInclude Include="..\libraries\ArduinoJson\src\ArduinoJson\Object\MemberProxy.hpp">
      <Filter>src\_micro-api-readonly\libraries\ArduinoJson</Filter>
    </ClInclude>
    <ClInclude Include="..\libraries\ArduinoJson\src\ArduinoJson\Object\ObjectFunctions.hpp">
      <Filter>src\_micro-api-readonly\libraries\ArduinoJson</Filter>
    </ClInclude>
    <ClInclude Include="..\libraries\ArduinoJson\src\ArduinoJson\Object\ObjectImpl.hpp">
      <Filter>src\_micro-api-readonly\libraries\ArduinoJson</Filter>
    </ClInclude>
    <ClInclude Include="..\libraries\ArduinoJson\src\ArduinoJson\Object\ObjectIterator.hpp">
      <Filter>src\_micro-api-readonly\libraries\ArduinoJson</Filter>
    </ClInclude>
    <ClInclude Include="..\libraries\ArduinoJson\src\ArduinoJson\Object\ObjectRef.hpp">
      <Filter>src\_micro-api-readonly\libraries\ArduinoJson</Filter>
    </ClInclude>
    <ClInclude Include="..\libraries\ArduinoJson\src\ArduinoJson\Object\ObjectShortcuts.hpp">
      <Filter>src\_micro-api-readonly\libraries\ArduinoJson</Filter>
    </ClInclude>
    <ClInclude Include="..\libraries\ArduinoJson\src\ArduinoJson\Object\Pair.hpp">
      <Filter>src\_micro-api-readonly\libraries\ArduinoJson</Filter>
    </ClInclude>
    <ClInclude Include="..\libraries\ArduinoJson\src\ArduinoJson\Operators\VariantCasts.hpp">
      <Filter>src\_micro-api-readonly\libraries\ArduinoJson</Filter>
    </ClInclude>
    <ClInclude Include="..\libraries\ArduinoJson\src\ArduinoJson\Operators\VariantComparisons.hpp">
      <Filter>src\_micro-api-readonly\libraries\ArduinoJson</Filter>
    </ClInclude>
    <ClInclude Include="..\libraries\ArduinoJson\src\ArduinoJson\Operators\VariantOperators.hpp">
      <Filter>src\_micro-api-readonly\libraries\ArduinoJson</Filter>
    </ClInclude>
    <ClInclude Include="..\libraries\ArduinoJson\src\ArduinoJson\Operators\VariantOr.hpp">
      <Filter>src\_micro-api-readonly\libraries\ArduinoJson</Filter>
    </ClInclude>
    <ClInclude Include="..\libraries\ArduinoJson\src\ArduinoJson\Operators\VariantShortcuts.hpp">
      <Filter>src\_micro-api-readonly\libraries\ArduinoJson</Filter>
    </ClInclude>
    <ClInclude Include="..\libraries\ArduinoJson\src\ArduinoJson\Polyfills\alias_cast.hpp">
      <Filter>src\_micro-api-readonly\libraries\ArduinoJson</Filter>
    </ClInclude>
    <ClInclude Include="..\libraries\ArduinoJson\src\ArduinoJson\Polyfills\assert.hpp">
      <Filter>src\_micro-api-readonly\libraries\ArduinoJson</Filter>
    </ClInclude>
    <ClInclude Include="..\libraries\ArduinoJson\src\ArduinoJson\Polyfills\attributes.hpp">
      <Filter>src\_micro-api-readonly\libraries\ArduinoJson</Filter>
    </ClInclude>
    <ClInclude Include="..\libraries\ArduinoJson\src\ArduinoJson\Polyfills\ctype.hpp">
      <Filter>src\_micro-api-readonly\libraries\ArduinoJson</Filter>
    </ClInclude>
    <ClInclude Include="..\libraries\ArduinoJson\src\ArduinoJson\Polyfills\limits.hpp">
      <Filter>src\_micro-api-readonly\libraries\ArduinoJson</Filter>
    </ClInclude>
    <ClInclude Include="..\libraries\ArduinoJson\src\ArduinoJson\Polyfills\math.hpp">
      <Filter>src\_micro-api-readonly\libraries\ArduinoJson</Filter>
    </ClInclude>
    <ClInclude Include="..\libraries\ArduinoJson\src\ArduinoJson\Polyfills\pgmspace.hpp">
      <Filter>src\_micro-api-readonly\libraries\ArduinoJson</Filter>
    </ClInclude>
    <ClInclude Include="..\libraries\ArduinoJson\src\ArduinoJson\Polyfills\safe_strcmp.hpp">
      <Filter>src\_micro-api-readonly\libraries\ArduinoJson</Filter>
    </ClInclude>
    <ClInclude Include="..\libraries\ArduinoJson\src\ArduinoJson\Polyfills\type_traits.hpp">
      <Filter>src\_micro-api-readonly\libraries\ArduinoJson</Filter>
    </ClInclude>
    <ClInclude Include="..\libraries\ArduinoJson\src\ArduinoJson\Polyfills\utility.hpp">
      <Filter>src\_micro-api-readonly\libraries\ArduinoJson</Filter>
    </ClInclude>
    <ClInclude Include="..\libraries\ArduinoJson\src\ArduinoJson\Polyfills\gsl\not_null.hpp">
      <Filter>src\_micro-api-readonly\libraries\ArduinoJson</Filter>
    </ClInclude>
    <ClInclude Include="..\libraries\ArduinoJson\src\ArduinoJson\Polyfills\mpl\max.hpp">
      <Filter>src\_micro-api-readonly\libraries\ArduinoJson</Filter>
    </ClInclude>
    <ClInclude Include="..\libraries\ArduinoJson\src\ArduinoJson\Polyfills\type_traits\conditional.hpp">
      <Filter>src\_micro-api-readonly\libraries\ArduinoJson</Filter>
    </ClInclude>
    <ClInclude Include="..\libraries\ArduinoJson\src\ArduinoJson\Polyfills\type_traits\enable_if.hpp">
      <Filter>src\_micro-api-readonly\libraries\ArduinoJson</Filter>
    </ClInclude>
    <ClInclude Include="..\libraries\ArduinoJson\src\ArduinoJson\Polyfills\type_traits\integral_constant.hpp">
      <Filter>src\_micro-api-readonly\libraries\ArduinoJson</Filter>
    </ClInclude>
    <ClInclude Include="..\libraries\ArduinoJson\src\ArduinoJson\Polyfills\type_traits\is_array.hpp">
      <Filter>src\_micro-api-readonly\libraries\ArduinoJson</Filter>
    </ClInclude>
    <ClInclude Include="..\libraries\ArduinoJson\src\ArduinoJson\Polyfills\type_traits\is_base_of.hpp">
      <Filter>src\_micro-api-readonly\libraries\ArduinoJson</Filter>
    </ClInclude>
    <ClInclude Include="..\libraries\ArduinoJson\src\ArduinoJson\Polyfills\type_traits\is_const.hpp">
      <Filter>src\_micro-api-readonly\libraries\ArduinoJson</Filter>
    </ClInclude>
    <ClInclude Include="..\libraries\ArduinoJson\src\ArduinoJson\Polyfills\type_traits\is_floating_point.hpp">
      <Filter>src\_micro-api-readonly\libraries\ArduinoJson</Filter>
    </ClInclude>
    <ClInclude Include="..\libraries\ArduinoJson\src\ArduinoJson\Polyfills\type_traits\is_integral.hpp">
      <Filter>src\_micro-api-readonly\libraries\ArduinoJson</Filter>
    </ClInclude>
    <ClInclude Include="..\libraries\ArduinoJson\src\ArduinoJson\Polyfills\type_traits\is_same.hpp">
      <Filter>src\_micro-api-readonly\libraries\ArduinoJson</Filter>
    </ClInclude>
    <ClInclude Include="..\libraries\ArduinoJson\src\ArduinoJson\Polyfills\type_traits\is_signed.hpp">
      <Filter>src\_micro-api-readonly\libraries\ArduinoJson</Filter>
    </ClInclude>
    <ClInclude Include="..\libraries\ArduinoJson\src\ArduinoJson\Polyfills\type_traits\is_unsigned.hpp">
      <Filter>src\_micro-api-readonly\libraries\ArduinoJson</Filter>
    </ClInclude>
    <ClInclude Include="..\libraries\ArduinoJson\src\ArduinoJson\Polyfills\type_traits\make_unsigned.hpp">
      <Filter>src\_micro-api-readonly\libraries\ArduinoJson</Filter>
    </ClInclude>
    <ClInclude Include="..\libraries\ArduinoJson\src\ArduinoJson\Polyfills\type_traits\remove_const.hpp">
      <Filter>src\_micro-api-readonly\libraries\ArduinoJson</Filter>
    </ClInclude>
    <ClInclude Include="..\libraries\ArduinoJson\src\ArduinoJson\Polyfills\type_traits\remove_reference.hpp">
      <Filter>src\_micro-api-readonly\libraries\ArduinoJson</Filter>
    </ClInclude>
    <ClInclude Include="..\libraries\ArduinoJson\src\ArduinoJson\Polyfills\type_traits\type_identity.hpp">
      <Filter>src\_micro-api-readonly\libraries\ArduinoJson</Filter>
    </ClInclude>
    <ClInclude Include="..\libraries\ArduinoJson\src\ArduinoJson\Serialization\DummyWriter.hpp">
      <Filter>src\_micro-api-readonly\libraries\ArduinoJson</Filter>
    </ClInclude>
    <ClInclude Include="..\libraries\ArduinoJson\src\ArduinoJson\Serialization\DynamicStringWriter.hpp">
      <Filter>src\_micro-api-readonly\libraries\ArduinoJson</Filter>
    </ClInclude>
    <ClInclude Include="..\libraries\ArduinoJson\src\ArduinoJson\Serialization\measure.hpp">
      <Filter>src\_micro-api-readonly\libraries\ArduinoJson</Filter>
    </ClInclude>
    <ClInclude Include="..\libraries\ArduinoJson\src\ArduinoJson\Serialization\serialize.hpp">
      <Filter>src\_micro-api-readonly\libraries\ArduinoJson</Filter>
    </ClInclude>
    <ClInclude Include="..\libraries\ArduinoJson\src\ArduinoJson\Serialization\StaticStringWriter.hpp">
      <Filter>src\_micro-api-readonly\libraries\ArduinoJson</Filter>
    </ClInclude>
    <ClInclude Include="..\libraries\ArduinoJson\src\ArduinoJson\Serialization\StreamWriter.hpp">
      <Filter>src\_micro-api-readonly\libraries\ArduinoJson</Filter>
    </ClInclude>
    <ClInclude Include="..\libraries\ArduinoJson\src\ArduinoJson\Strings\ArduinoStringAdapter.hpp">
      <Filter>src\_micro-api-readonly\libraries\ArduinoJson</Filter>
    </ClInclude>
    <ClInclude Include="..\libraries\ArduinoJson\src\ArduinoJson\Strings\ConstRamStringAdapter.hpp">
      <Filter>src\_micro-api-readonly\libraries\ArduinoJson</Filter>
    </ClInclude>
    <ClInclude Include="..\libraries\ArduinoJson\src\ArduinoJson\Strings\FlashStringAdapter.hpp">
      <Filter>src\_micro-api-readonly\libraries\ArduinoJson</Filter>
    </ClInclude>
    <ClInclude Include="..\libraries\ArduinoJson\src\ArduinoJson\Strings\RamStringAdapter.hpp">
      <Filter>src\_micro-api-readonly\libraries\ArduinoJson</Filter>
    </ClInclude>
    <ClInclude Include="..\libraries\ArduinoJson\src\ArduinoJson\Strings\SizedFlashStringAdapter.hpp">
      <Filter>src\_micro-api-readonly\libraries\ArduinoJson</Filter>
    </ClInclude>
    <ClInclude Include="..\libraries\ArduinoJson\src\ArduinoJson\Strings\SizedRamStringAdapter.hpp">
      <Filter>src\_micro-api-readonly\libraries\ArduinoJson</Filter>
    </ClInclude>
    <ClInclude Include="..\libraries\ArduinoJson\src\ArduinoJson\Strings\StlStringAdapter.hpp">
      <Filter>src\_micro-api-readonly\libraries\ArduinoJson</Filter>
    </ClInclude>
    <ClInclude Include="..\libraries\ArduinoJson\src\ArduinoJson\Strings\String.hpp">
      <Filter>src\_micro-api-readonly\libraries\ArduinoJson</Filter>
    </ClInclude>
    <ClInclude Include="..\libraries\ArduinoJson\src\ArduinoJson\Strings\StringAdapters.hpp">
      <Filter>src\_micro-api-readonly\libraries\ArduinoJson</Filter>
    </ClInclude>
    <ClInclude Include="..\libraries\ArduinoJson\src\ArduinoJson\StringStorage\StringCopier.hpp">
      <Filter>src\_micro-api-readonly\libraries\ArduinoJson</Filter>
    </ClInclude>
    <ClInclude Include="..\libraries\ArduinoJson\src\ArduinoJson\StringStorage\StringMover.hpp">
      <Filter>src\_micro-api-readonly\libraries\ArduinoJson</Filter>
    </ClInclude>
    <ClInclude Include="..\libraries\ArduinoJson\src\ArduinoJson\StringStorage\StringStorage.hpp">
      <Filter>src\_micro-api-readonly\libraries\ArduinoJson</Filter>
    </ClInclude>
    <ClInclude Include="..\libraries\ArduinoJson\src\ArduinoJson\Variant\SlotFunctions.hpp">
      <Filter>src\_micro-api-readonly\libraries\ArduinoJson</Filter>
    </ClInclude>
    <ClInclude Include="..\libraries\ArduinoJson\src\ArduinoJson\Variant\VariantAs.hpp">
      <Filter>src\_micro-api-readonly\libraries\ArduinoJson</Filter>
    </ClInclude>
    <ClInclude Include="..\libraries\ArduinoJson\src\ArduinoJson\Variant\VariantAsImpl.hpp">
      <Filter>src\_micro-api-readonly\libraries\ArduinoJson</Filter>
    </ClInclude>
    <ClInclude Include="..\libraries\ArduinoJson\src\ArduinoJson\Variant\VariantContent.hpp">
      <Filter>src\_micro-api-readonly\libraries\ArduinoJson</Filter>
    </ClInclude>
    <ClInclude Include="..\libraries\ArduinoJson\src\ArduinoJson\Variant\VariantData.hpp">
      <Filter>src\_micro-api-readonly\libraries\ArduinoJson</Filter>
    </ClInclude>
    <ClInclude Include="..\libraries\ArduinoJson\src\ArduinoJson\Variant\VariantFunctions.hpp">
      <Filter>src\_micro-api-readonly\libraries\ArduinoJson</Filter>
    </ClInclude>
    <ClInclude Include="..\libraries\ArduinoJson\src\ArduinoJson\Variant\VariantImpl.hpp">
      <Filter>src\_micro-api-readonly\libraries\ArduinoJson</Filter>
    </ClInclude>
    <ClInclude Include="..\libraries\ArduinoJson\src\ArduinoJson\Variant\VariantRef.hpp">
      <Filter>src\_micro-api-readonly\libraries\ArduinoJson</Filter>
    </ClInclude>
    <ClInclude Include="..\libraries\ArduinoJson\src\ArduinoJson\Variant\VariantSlot.hpp">
      <Filter>src\_micro-api-readonly\libraries\ArduinoJson</Filter>
    </ClInclude>
    <ClInclude Include="..\libraries\ArduinoJson\src\ArduinoJson\Variant\VariantTo.hpp">
      <Filter>src\_micro-api-readonly\libraries\ArduinoJson</Filter>
    </ClInclude>
    <ClInclude Include="C:\Users\admin\AppData\Local\arduino15\packages\esp32\hardware\esp32\1.0.3\libraries\WiFi\src\ETH.h">
      <Filter>src\_micro-api-readonly\libraries\WiFi</Filter>
    </ClInclude>
    <ClInclude Include="C:\Users\admin\AppData\Local\arduino15\packages\esp32\hardware\esp32\1.0.3\libraries\WiFi\src\WiFi.h">
      <Filter>src\_micro-api-readonly\libraries\WiFi</Filter>
    </ClInclude>
    <ClInclude Include="C:\Users\admin\AppData\Local\arduino15\packages\esp32\hardware\esp32\1.0.3\libraries\WiFi\src\WiFiAP.h">
      <Filter>src\_micro-api-readonly\libraries\WiFi</Filter>
    </ClInclude>
    <ClInclude Include="C:\Users\admin\AppData\Local\arduino15\packages\esp32\hardware\esp32\1.0.3\libraries\WiFi\src\WiFiClient.h">
      <Filter>src\_micro-api-readonly\libraries\WiFi</Filter>
    </ClInclude>
    <ClInclude Include="C:\Users\admin\AppData\Local\arduino15\packages\esp32\hardware\esp32\1.0.3\libraries\WiFi\src\WiFiGeneric.h">
      <Filter>src\_micro-api-readonly\libraries\WiFi</Filter>
    </ClInclude>
    <ClInclude Include="C:\Users\admin\AppData\Local\arduino15\packages\esp32\hardware\esp32\1.0.3\libraries\WiFi\src\WiFiMulti.h">
      <Filter>src\_micro-api-readonly\libraries\WiFi</Filter>
    </ClInclude>
    <ClInclude Include="C:\Users\admin\AppData\Local\arduino15\packages\esp32\hardware\esp32\1.0.3\libraries\WiFi\src\WiFiScan.h">
      <Filter>src\_micro-api-readonly\libraries\WiFi</Filter>
    </ClInclude>
    <ClInclude Include="C:\Users\admin\AppData\Local\arduino15\packages\esp32\hardware\esp32\1.0.3\libraries\WiFi\src\WiFiServer.h">
      <Filter>src\_micro-api-readonly\libraries\WiFi</Filter>
    </ClInclude>
    <ClInclude Include="C:\Users\admin\AppData\Local\arduino15\packages\esp32\hardware\esp32\1.0.3\libraries\WiFi\src\WiFiSTA.h">
      <Filter>src\_micro-api-readonly\libraries\WiFi</Filter>
    </ClInclude>
    <ClInclude Include="C:\Users\admin\AppData\Local\arduino15\packages\esp32\hardware\esp32\1.0.3\libraries\WiFi\src\WiFiType.h">
      <Filter>src\_micro-api-readonly\libraries\WiFi</Filter>
    </ClInclude>
    <ClInclude Include="C:\Users\admin\AppData\Local\arduino15\packages\esp32\hardware\esp32\1.0.3\libraries\WiFi\src\WiFiUdp.h">
      <Filter>src\_micro-api-readonly\libraries\WiFi</Filter>
    </ClInclude>
    <ClInclude Include="C:\Users\admin\AppData\Local\arduino15\packages\esp32\hardware\esp32\1.0.3\libraries\WebServer\src\HTTP_Method.h">
      <Filter>src\_micro-api-readonly\libraries\WebServer</Filter>
    </ClInclude>
    <ClInclude Include="C:\Users\admin\AppData\Local\arduino15\packages\esp32\hardware\esp32\1.0.3\libraries\WebServer\src\WebServer.h">
      <Filter>src\_micro-api-readonly\libraries\WebServer</Filter>
    </ClInclude>
    <ClInclude Include="C:\Users\admin\AppData\Local\arduino15\packages\esp32\hardware\esp32\1.0.3\libraries\WebServer\src\detail\mimetable.h">
      <Filter>src\_micro-api-readonly\libraries\WebServer</Filter>
    </ClInclude>
    <ClInclude Include="C:\Users\admin\AppData\Local\arduino15\packages\esp32\hardware\esp32\1.0.3\libraries\WebServer\src\detail\RequestHandler.h">
      <Filter>src\_micro-api-readonly\libraries\WebServer</Filter>
    </ClInclude>
    <ClInclude Include="C:\Users\admin\AppData\Local\arduino15\packages\esp32\hardware\esp32\1.0.3\libraries\WebServer\src\detail\RequestHandlersImpl.h">
      <Filter>src\_micro-api-readonly\libraries\WebServer</Filter>
    </ClInclude>
    <ClInclude Include="C:\Users\admin\AppData\Local\arduino15\packages\esp32\hardware\esp32\1.0.3\libraries\ESPmDNS\src\ESPmDNS.h">
      <Filter>src\_micro-api-readonly\libraries\ESPmDNS</Filter>
    </ClInclude>
    <ClInclude Include="C:\Users\admin\AppData\Local\arduino15\packages\esp32\hardware\esp32\1.0.3\libraries\FS\src\FS.h">
      <Filter>src\_micro-api-readonly\libraries\FS</Filter>
    </ClInclude>
    <ClInclude Include="C:\Users\admin\AppData\Local\arduino15\packages\esp32\hardware\esp32\1.0.3\libraries\FS\src\FSImpl.h">
      <Filter>src\_micro-api-readonly\libraries\FS</Filter>
    </ClInclude>
    <ClInclude Include="C:\Users\admin\AppData\Local\arduino15\packages\esp32\hardware\esp32\1.0.3\libraries\FS\src\vfs_api.h">
      <Filter>src\_micro-api-readonly\libraries\FS</Filter>
    </ClInclude>
    <ClInclude Include="C:\Users\admin\AppData\Local\arduino15\packages\esp32\hardware\esp32\1.0.3\libraries\SPIFFS\src\SPIFFS.h">
      <Filter>src\_micro-api-readonly\libraries\SPIFFS</Filter>
    </ClInclude>
    <ClInclude Include="..\libraries\OneButton\src\OneButton.h">
      <Filter>src\_micro-api-readonly\libraries\OneButton</Filter>
    </ClInclude>
    <ClInclude Include="C:\Users\admin\AppData\Local\arduino15\packages\esp32\hardware\esp32\1.0.3\libraries\Wire\src\Wire.h">
      <Filter>src\_micro-api-readonly\libraries\Wire</Filter>
    </ClInclude>
    <ClInclude Include="..\libraries\LiquidCrystal_I2C\LiquidCrystal_I2C.h">
      <Filter>src\_micro-api-readonly\libraries\LiquidCrystal_I2C</Filter>
    </ClInclude>
  </ItemGroup>
  <ItemGroup>
    <ClCompile Include="C:\Users\admin\AppData\Local\arduino15\packages\esp32\hardware\esp32\1.0.3\cores\esp32\base64.cpp">
      <Filter>src\_micro-api-readonly\core</Filter>
    </ClCompile>
    <ClCompile Include="C:\Users\admin\AppData\Local\arduino15\packages\esp32\hardware\esp32\1.0.3\cores\esp32\cbuf.cpp">
      <Filter>src\_micro-api-readonly\core</Filter>
    </ClCompile>
    <ClCompile Include="C:\Users\admin\AppData\Local\arduino15\packages\esp32\hardware\esp32\1.0.3\cores\esp32\Esp.cpp">
      <Filter>src\_micro-api-readonly\core</Filter>
    </ClCompile>
    <ClCompile Include="C:\Users\admin\AppData\Local\arduino15\packages\esp32\hardware\esp32\1.0.3\cores\esp32\esp32-hal-adc.c">
      <Filter>src\_micro-api-readonly\core</Filter>
    </ClCompile>
    <ClCompile Include="C:\Users\admin\AppData\Local\arduino15\packages\esp32\hardware\esp32\1.0.3\cores\esp32\esp32-hal-bt.c">
      <Filter>src\_micro-api-readonly\core</Filter>
    </ClCompile>
    <ClCompile Include="C:\Users\admin\AppData\Local\arduino15\packages\esp32\hardware\esp32\1.0.3\cores\esp32\esp32-hal-cpu.c">
      <Filter>src\_micro-api-readonly\core</Filter>
    </ClCompile>
    <ClCompile Include="C:\Users\admin\AppData\Local\arduino15\packages\esp32\hardware\esp32\1.0.3\cores\esp32\esp32-hal-dac.c">
      <Filter>src\_micro-api-readonly\core</Filter>
    </ClCompile>
    <ClCompile Include="C:\Users\admin\AppData\Local\arduino15\packages\esp32\hardware\esp32\1.0.3\cores\esp32\esp32-hal-gpio.c">
      <Filter>src\_micro-api-readonly\core</Filter>
    </ClCompile>
    <ClCompile Include="C:\Users\admin\AppData\Local\arduino15\packages\esp32\hardware\esp32\1.0.3\cores\esp32\esp32-hal-i2c.c">
      <Filter>src\_micro-api-readonly\core</Filter>
    </ClCompile>
    <ClCompile Include="C:\Users\admin\AppData\Local\arduino15\packages\esp32\hardware\esp32\1.0.3\cores\esp32\esp32-hal-ledc.c">
      <Filter>src\_micro-api-readonly\core</Filter>
    </ClCompile>
    <ClCompile Include="C:\Users\admin\AppData\Local\arduino15\packages\esp32\hardware\esp32\1.0.3\cores\esp32\esp32-hal-matrix.c">
      <Filter>src\_micro-api-readonly\core</Filter>
    </ClCompile>
    <ClCompile Include="C:\Users\admin\AppData\Local\arduino15\packages\esp32\hardware\esp32\1.0.3\cores\esp32\esp32-hal-misc.c">
      <Filter>src\_micro-api-readonly\core</Filter>
    </ClCompile>
    <ClCompile Include="C:\Users\admin\AppData\Local\arduino15\packages\esp32\hardware\esp32\1.0.3\cores\esp32\esp32-hal-psram.c">
      <Filter>src\_micro-api-readonly\core</Filter>
    </ClCompile>
    <ClCompile Include="C:\Users\admin\AppData\Local\arduino15\packages\esp32\hardware\esp32\1.0.3\cores\esp32\esp32-hal-rmt.c">
      <Filter>src\_micro-api-readonly\core</Filter>
    </ClCompile>
    <ClCompile Include="C:\Users\admin\AppData\Local\arduino15\packages\esp32\hardware\esp32\1.0.3\cores\esp32\esp32-hal-sigmadelta.c">
      <Filter>src\_micro-api-readonly\core</Filter>
    </ClCompile>
    <ClCompile Include="C:\Users\admin\AppData\Local\arduino15\packages\esp32\hardware\esp32\1.0.3\cores\esp32\esp32-hal-spi.c">
      <Filter>src\_micro-api-readonly\core</Filter>
    </ClCompile>
    <ClCompile Include="C:\Users\admin\AppData\Local\arduino15\packages\esp32\hardware\esp32\1.0.3\cores\esp32\esp32-hal-time.c">
      <Filter>src\_micro-api-readonly\core</Filter>
    </ClCompile>
    <ClCompile Include="C:\Users\admin\AppData\Local\arduino15\packages\esp32\hardware\esp32\1.0.3\cores\esp32\esp32-hal-timer.c">
      <Filter>src\_micro-api-readonly\core</Filter>
    </ClCompile>
    <ClCompile Include="C:\Users\admin\AppData\Local\arduino15\packages\esp32\hardware\esp32\1.0.3\cores\esp32\esp32-hal-touch.c">
      <Filter>src\_micro-api-readonly\core</Filter>
    </ClCompile>
    <ClCompile Include="C:\Users\admin\AppData\Local\arduino15\packages\esp32\hardware\esp32\1.0.3\cores\esp32\esp32-hal-uart.c">
      <Filter>src\_micro-api-readonly\core</Filter>
    </ClCompile>
    <ClCompile Include="C:\Users\admin\AppData\Local\arduino15\packages\esp32\hardware\esp32\1.0.3\cores\esp32\FunctionalInterrupt.cpp">
      <Filter>src\_micro-api-readonly\core</Filter>
    </ClCompile>
    <ClCompile Include="C:\Users\admin\AppData\Local\arduino15\packages\esp32\hardware\esp32\1.0.3\cores\esp32\HardwareSerial.cpp">
      <Filter>src\_micro-api-readonly\core</Filter>
    </ClCompile>
    <ClCompile Include="C:\Users\admin\AppData\Local\arduino15\packages\esp32\hardware\esp32\1.0.3\cores\esp32\IPAddress.cpp">
      <Filter>src\_micro-api-readonly\core</Filter>
    </ClCompile>
    <ClCompile Include="C:\Users\admin\AppData\Local\arduino15\packages\esp32\hardware\esp32\1.0.3\cores\esp32\IPv6Address.cpp">
      <Filter>src\_micro-api-readonly\core</Filter>
    </ClCompile>
    <ClCompile Include="C:\Users\admin\AppData\Local\arduino15\packages\esp32\hardware\esp32\1.0.3\cores\esp32\main.cpp">
      <Filter>src\_micro-api-readonly\core</Filter>
    </ClCompile>
    <ClCompile Include="C:\Users\admin\AppData\Local\arduino15\packages\esp32\hardware\esp32\1.0.3\cores\esp32\MD5Builder.cpp">
      <Filter>src\_micro-api-readonly\core</Filter>
    </ClCompile>
    <ClCompile Include="C:\Users\admin\AppData\Local\arduino15\packages\esp32\hardware\esp32\1.0.3\cores\esp32\Print.cpp">
      <Filter>src\_micro-api-readonly\core</Filter>
    </ClCompile>
    <ClCompile Include="C:\Users\admin\AppData\Local\arduino15\packages\esp32\hardware\esp32\1.0.3\cores\esp32\stdlib_noniso.c">
      <Filter>src\_micro-api-readonly\core</Filter>
    </ClCompile>
    <ClCompile Include="C:\Users\admin\AppData\Local\arduino15\packages\esp32\hardware\esp32\1.0.3\cores\esp32\Stream.cpp">
      <Filter>src\_micro-api-readonly\core</Filter>
    </ClCompile>
    <ClCompile Include="C:\Users\admin\AppData\Local\arduino15\packages\esp32\hardware\esp32\1.0.3\cores\esp32\StreamString.cpp">
      <Filter>src\_micro-api-readonly\core</Filter>
    </ClCompile>
    <ClCompile Include="C:\Users\admin\AppData\Local\arduino15\packages\esp32\hardware\esp32\1.0.3\cores\esp32\wiring_pulse.c">
      <Filter>src\_micro-api-readonly\core</Filter>
    </ClCompile>
    <ClCompile Include="C:\Users\admin\AppData\Local\arduino15\packages\esp32\hardware\esp32\1.0.3\cores\esp32\wiring_shift.c">
      <Filter>src\_micro-api-readonly\core</Filter>
    </ClCompile>
    <ClCompile Include="C:\Users\admin\AppData\Local\arduino15\packages\esp32\hardware\esp32\1.0.3\cores\esp32\WMath.cpp">
      <Filter>src\_micro-api-readonly\core</Filter>
    </ClCompile>
    <ClCompile Include="C:\Users\admin\AppData\Local\arduino15\packages\esp32\hardware\esp32\1.0.3\cores\esp32\WString.cpp">
      <Filter>src\_micro-api-readonly\core</Filter>
    </ClCompile>
    <ClCompile Include="..\libraries\Arduino_JSON\src\JSON.cpp">
      <Filter>src\_micro-api-readonly\libraries\Arduino_JSON</Filter>
    </ClCompile>
    <ClCompile Include="..\libraries\Arduino_JSON\src\JSONVar.cpp">
      <Filter>src\_micro-api-readonly\libraries\Arduino_JSON</Filter>
    </ClCompile>
    <ClCompile Include="..\libraries\Arduino_JSON\src\cjson\cJSON.c">
      <Filter>src\_micro-api-readonly\libraries\Arduino_JSON</Filter>
    </ClCompile>
    <ClCompile Include="..\libraries\ArduinoJson\extras\fuzzing\fuzzer_main.cpp">
      <Filter>src\_micro-api-readonly\libraries\ArduinoJson</Filter>
    </ClCompile>
    <ClCompile Include="..\libraries\ArduinoJson\extras\fuzzing\json_fuzzer.cpp">
      <Filter>src\_micro-api-readonly\libraries\ArduinoJson</Filter>
    </ClCompile>
    <ClCompile Include="..\libraries\ArduinoJson\extras\fuzzing\msgpack_fuzzer.cpp">
      <Filter>src\_micro-api-readonly\libraries\ArduinoJson</Filter>
    </ClCompile>
    <ClCompile Include="..\libraries\ArduinoJson\extras\scripts\wandbox\JsonGeneratorExample.cpp">
      <Filter>src\_micro-api-readonly\libraries\ArduinoJson</Filter>
    </ClCompile>
    <ClCompile Include="..\libraries\ArduinoJson\extras\scripts\wandbox\JsonParserExample.cpp">
      <Filter>src\_micro-api-readonly\libraries\ArduinoJson</Filter>
    </ClCompile>
    <ClCompile Include="..\libraries\ArduinoJson\extras\scripts\wandbox\MsgPackParserExample.cpp">
      <Filter>src\_micro-api-readonly\libraries\ArduinoJson</Filter>
    </ClCompile>
    <ClCompile Include="..\libraries\ArduinoJson\extras\tests\catch\catch.cpp">
      <Filter>src\_micro-api-readonly\libraries\ArduinoJson</Filter>
    </ClCompile>
    <ClCompile Include="..\libraries\ArduinoJson\extras\tests\ElementProxy\add.cpp">
      <Filter>src\_micro-api-readonly\libraries\ArduinoJson</Filter>
    </ClCompile>
    <ClCompile Include="..\libraries\ArduinoJson\extras\tests\ElementProxy\clear.cpp">
      <Filter>src\_micro-api-readonly\libraries\ArduinoJson</Filter>
    </ClCompile>
    <ClCompile Include="..\libraries\ArduinoJson\extras\tests\ElementProxy\compare.cpp">
      <Filter>src\_micro-api-readonly\libraries\ArduinoJson</Filter>
    </ClCompile>
    <ClCompile Include="..\libraries\ArduinoJson\extras\tests\ElementProxy\remove.cpp">
      <Filter>src\_micro-api-readonly\libraries\ArduinoJson</Filter>
    </ClCompile>
    <ClCompile Include="..\libraries\ArduinoJson\extras\tests\ElementProxy\set.cpp">
      <Filter>src\_micro-api-readonly\libraries\ArduinoJson</Filter>
    </ClCompile>
    <ClCompile Include="..\libraries\ArduinoJson\extras\tests\ElementProxy\size.cpp">
      <Filter>src\_micro-api-readonly\libraries\ArduinoJson</Filter>
    </ClCompile>
    <ClCompile Include="..\libraries\ArduinoJson\extras\tests\IntegrationTests\gbathree.cpp">
      <Filter>src\_micro-api-readonly\libraries\ArduinoJson</Filter>
    </ClCompile>
    <ClCompile Include="..\libraries\ArduinoJson\extras\tests\IntegrationTests\issue772.cpp">
      <Filter>src\_micro-api-readonly\libraries\ArduinoJson</Filter>
    </ClCompile>
    <ClCompile Include="..\libraries\ArduinoJson\extras\tests\IntegrationTests\round_trip.cpp">
      <Filter>src\_micro-api-readonly\libraries\ArduinoJson</Filter>
    </ClCompile>
    <ClCompile Include="..\libraries\ArduinoJson\extras\tests\JsonArray\add.cpp">
      <Filter>src\_micro-api-readonly\libraries\ArduinoJson</Filter>
    </ClCompile>
    <ClCompile Include="..\libraries\ArduinoJson\extras\tests\JsonArray\copyArray.cpp">
      <Filter>src\_micro-api-readonly\libraries\ArduinoJson</Filter>
    </ClCompile>
    <ClCompile Include="..\libraries\ArduinoJson\extras\tests\JsonArray\createNested.cpp">
      <Filter>src\_micro-api-readonly\libraries\ArduinoJson</Filter>
    </ClCompile>
    <ClCompile Include="..\libraries\ArduinoJson\extras\tests\JsonArray\equals.cpp">
      <Filter>src\_micro-api-readonly\libraries\ArduinoJson</Filter>
    </ClCompile>
    <ClCompile Include="..\libraries\ArduinoJson\extras\tests\JsonArray\get.cpp">
      <Filter>src\_micro-api-readonly\libraries\ArduinoJson</Filter>
    </ClCompile>
    <ClCompile Include="..\libraries\ArduinoJson\extras\tests\JsonArray\isNull.cpp">
      <Filter>src\_micro-api-readonly\libraries\ArduinoJson</Filter>
    </ClCompile>
    <ClCompile Include="..\libraries\ArduinoJson\extras\tests\JsonArray\iterator.cpp">
      <Filter>src\_micro-api-readonly\libraries\ArduinoJson</Filter>
    </ClCompile>
    <ClCompile Include="..\libraries\ArduinoJson\extras\tests\JsonArray\memoryUsage.cpp">
      <Filter>src\_micro-api-readonly\libraries\ArduinoJson</Filter>
    </ClCompile>
    <ClCompile Include="..\libraries\ArduinoJson\extras\tests\JsonArray\nesting.cpp">
      <Filter>src\_micro-api-readonly\libraries\ArduinoJson</Filter>
    </ClCompile>
    <ClCompile Include="..\libraries\ArduinoJson\extras\tests\JsonArray\remove.cpp">
      <Filter>src\_micro-api-readonly\libraries\ArduinoJson</Filter>
    </ClCompile>
    <ClCompile Include="..\libraries\ArduinoJson\extras\tests\JsonArray\size.cpp">
      <Filter>src\_micro-api-readonly\libraries\ArduinoJson</Filter>
    </ClCompile>
    <ClCompile Include="..\libraries\ArduinoJson\extras\tests\JsonArray\std_string.cpp">
      <Filter>src\_micro-api-readonly\libraries\ArduinoJson</Filter>
    </ClCompile>
    <ClCompile Include="..\libraries\ArduinoJson\extras\tests\JsonArray\subscript.cpp">
      <Filter>src\_micro-api-readonly\libraries\ArduinoJson</Filter>
    </ClCompile>
    <ClCompile Include="..\libraries\ArduinoJson\extras\tests\JsonArray\undefined.cpp">
      <Filter>src\_micro-api-readonly\libraries\ArduinoJson</Filter>
    </ClCompile>
    <ClCompile Include="..\libraries\ArduinoJson\extras\tests\JsonDeserializer\array.cpp">
      <Filter>src\_micro-api-readonly\libraries\ArduinoJson</Filter>
    </ClCompile>
    <ClCompile Include="..\libraries\ArduinoJson\extras\tests\JsonDeserializer\array_static.cpp">
      <Filter>src\_micro-api-readonly\libraries\ArduinoJson</Filter>
    </ClCompile>
    <ClCompile Include="..\libraries\ArduinoJson\extras\tests\JsonDeserializer\DeserializationError.cpp">
      <Filter>src\_micro-api-readonly\libraries\ArduinoJson</Filter>
    </ClCompile>
    <ClCompile Include="..\libraries\ArduinoJson\extras\tests\JsonDeserializer\incomplete_input.cpp">
      <Filter>src\_micro-api-readonly\libraries\ArduinoJson</Filter>
    </ClCompile>
    <ClCompile Include="..\libraries\ArduinoJson\extras\tests\JsonDeserializer\input_types.cpp">
      <Filter>src\_micro-api-readonly\libraries\ArduinoJson</Filter>
    </ClCompile>
    <ClCompile Include="..\libraries\ArduinoJson\extras\tests\JsonDeserializer\invalid_input.cpp">
      <Filter>src\_micro-api-readonly\libraries\ArduinoJson</Filter>
    </ClCompile>
    <ClCompile Include="..\libraries\ArduinoJson\extras\tests\JsonDeserializer\misc.cpp">
      <Filter>src\_micro-api-readonly\libraries\ArduinoJson</Filter>
    </ClCompile>
    <ClCompile Include="..\libraries\ArduinoJson\extras\tests\JsonDeserializer\nestingLimit.cpp">
      <Filter>src\_micro-api-readonly\libraries\ArduinoJson</Filter>
    </ClCompile>
    <ClCompile Include="..\libraries\ArduinoJson\extras\tests\JsonDeserializer\number.cpp">
      <Filter>src\_micro-api-readonly\libraries\ArduinoJson</Filter>
    </ClCompile>
    <ClCompile Include="..\libraries\ArduinoJson\extras\tests\JsonDeserializer\object.cpp">
      <Filter>src\_micro-api-readonly\libraries\ArduinoJson</Filter>
    </ClCompile>
    <ClCompile Include="..\libraries\ArduinoJson\extras\tests\JsonDeserializer\object_static.cpp">
      <Filter>src\_micro-api-readonly\libraries\ArduinoJson</Filter>
    </ClCompile>
    <ClCompile Include="..\libraries\ArduinoJson\extras\tests\JsonDeserializer\string.cpp">
      <Filter>src\_micro-api-readonly\libraries\ArduinoJson</Filter>
    </ClCompile>
    <ClCompile Include="..\libraries\ArduinoJson\extras\tests\JsonDocument\add.cpp">
      <Filter>src\_micro-api-readonly\libraries\ArduinoJson</Filter>
    </ClCompile>
    <ClCompile Include="..\libraries\ArduinoJson\extras\tests\JsonDocument\BasicJsonDocument.cpp">
      <Filter>src\_micro-api-readonly\libraries\ArduinoJson</Filter>
    </ClCompile>
    <ClCompile Include="..\libraries\ArduinoJson\extras\tests\JsonDocument\compare.cpp">
      <Filter>src\_micro-api-readonly\libraries\ArduinoJson</Filter>
    </ClCompile>
    <ClCompile Include="..\libraries\ArduinoJson\extras\tests\JsonDocument\containsKey.cpp">
      <Filter>src\_micro-api-readonly\libraries\ArduinoJson</Filter>
    </ClCompile>
    <ClCompile Include="..\libraries\ArduinoJson\extras\tests\JsonDocument\createNested.cpp">
      <Filter>src\_micro-api-readonly\libraries\ArduinoJson</Filter>
    </ClCompile>
    <ClCompile Include="..\libraries\ArduinoJson\extras\tests\JsonDocument\DynamicJsonDocument.cpp">
      <Filter>src\_micro-api-readonly\libraries\ArduinoJson</Filter>
    </ClCompile>
    <ClCompile Include="..\libraries\ArduinoJson\extras\tests\JsonDocument\isNull.cpp">
      <Filter>src\_micro-api-readonly\libraries\ArduinoJson</Filter>
    </ClCompile>
    <ClCompile Include="..\libraries\ArduinoJson\extras\tests\JsonDocument\nesting.cpp">
      <Filter>src\_micro-api-readonly\libraries\ArduinoJson</Filter>
    </ClCompile>
    <ClCompile Include="..\libraries\ArduinoJson\extras\tests\JsonDocument\remove.cpp">
      <Filter>src\_micro-api-readonly\libraries\ArduinoJson</Filter>
    </ClCompile>
    <ClCompile Include="..\libraries\ArduinoJson\extras\tests\JsonDocument\size.cpp">
      <Filter>src\_micro-api-readonly\libraries\ArduinoJson</Filter>
    </ClCompile>
    <ClCompile Include="..\libraries\ArduinoJson\extras\tests\JsonDocument\StaticJsonDocument.cpp">
      <Filter>src\_micro-api-readonly\libraries\ArduinoJson</Filter>
    </ClCompile>
    <ClCompile Include="..\libraries\ArduinoJson\extras\tests\JsonDocument\subscript.cpp">
      <Filter>src\_micro-api-readonly\libraries\ArduinoJson</Filter>
    </ClCompile>
    <ClCompile Include="..\libraries\ArduinoJson\extras\tests\JsonObject\containsKey.cpp">
      <Filter>src\_micro-api-readonly\libraries\ArduinoJson</Filter>
    </ClCompile>
    <ClCompile Include="..\libraries\ArduinoJson\extras\tests\JsonObject\copy.cpp">
      <Filter>src\_micro-api-readonly\libraries\ArduinoJson</Filter>
    </ClCompile>
    <ClCompile Include="..\libraries\ArduinoJson\extras\tests\JsonObject\createNestedArray.cpp">
      <Filter>src\_micro-api-readonly\libraries\ArduinoJson</Filter>
    </ClCompile>
    <ClCompile Include="..\libraries\ArduinoJson\extras\tests\JsonObject\createNestedObject.cpp">
      <Filter>src\_micro-api-readonly\libraries\ArduinoJson</Filter>
    </ClCompile>
    <ClCompile Include="..\libraries\ArduinoJson\extras\tests\JsonObject\equals.cpp">
      <Filter>src\_micro-api-readonly\libraries\ArduinoJson</Filter>
    </ClCompile>
    <ClCompile Include="..\libraries\ArduinoJson\extras\tests\JsonObject\invalid.cpp">
      <Filter>src\_micro-api-readonly\libraries\ArduinoJson</Filter>
    </ClCompile>
    <ClCompile Include="..\libraries\ArduinoJson\extras\tests\JsonObject\isNull.cpp">
      <Filter>src\_micro-api-readonly\libraries\ArduinoJson</Filter>
    </ClCompile>
    <ClCompile Include="..\libraries\ArduinoJson\extras\tests\JsonObject\iterator.cpp">
      <Filter>src\_micro-api-readonly\libraries\ArduinoJson</Filter>
    </ClCompile>
    <ClCompile Include="..\libraries\ArduinoJson\extras\tests\JsonObject\memoryUsage.cpp">
      <Filter>src\_micro-api-readonly\libraries\ArduinoJson</Filter>
    </ClCompile>
    <ClCompile Include="..\libraries\ArduinoJson\extras\tests\JsonObject\nesting.cpp">
      <Filter>src\_micro-api-readonly\libraries\ArduinoJson</Filter>
    </ClCompile>
    <ClCompile Include="..\libraries\ArduinoJson\extras\tests\JsonObject\remove.cpp">
      <Filter>src\_micro-api-readonly\libraries\ArduinoJson</Filter>
    </ClCompile>
    <ClCompile Include="..\libraries\ArduinoJson\extras\tests\JsonObject\size.cpp">
      <Filter>src\_micro-api-readonly\libraries\ArduinoJson</Filter>
    </ClCompile>
    <ClCompile Include="..\libraries\ArduinoJson\extras\tests\JsonObject\std_string.cpp">
      <Filter>src\_micro-api-readonly\libraries\ArduinoJson</Filter>
    </ClCompile>
    <ClCompile Include="..\libraries\ArduinoJson\extras\tests\JsonObject\subscript.cpp">
      <Filter>src\_micro-api-readonly\libraries\ArduinoJson</Filter>
    </ClCompile>
    <ClCompile Include="..\libraries\ArduinoJson\extras\tests\JsonSerializer\JsonArray.cpp">
      <Filter>src\_micro-api-readonly\libraries\ArduinoJson</Filter>
    </ClCompile>
    <ClCompile Include="..\libraries\ArduinoJson\extras\tests\JsonSerializer\JsonArrayPretty.cpp">
      <Filter>src\_micro-api-readonly\libraries\ArduinoJson</Filter>
    </ClCompile>
    <ClCompile Include="..\libraries\ArduinoJson\extras\tests\JsonSerializer\JsonObject.cpp">
      <Filter>src\_micro-api-readonly\libraries\ArduinoJson</Filter>
    </ClCompile>
    <ClCompile Include="..\libraries\ArduinoJson\extras\tests\JsonSerializer\JsonObjectPretty.cpp">
      <Filter>src\_micro-api-readonly\libraries\ArduinoJson</Filter>
    </ClCompile>
    <ClCompile Include="..\libraries\ArduinoJson\extras\tests\JsonSerializer\JsonVariant.cpp">
      <Filter>src\_micro-api-readonly\libraries\ArduinoJson</Filter>
    </ClCompile>
    <ClCompile Include="..\libraries\ArduinoJson\extras\tests\JsonSerializer\misc.cpp">
      <Filter>src\_micro-api-readonly\libraries\ArduinoJson</Filter>
    </ClCompile>
    <ClCompile Include="..\libraries\ArduinoJson\extras\tests\JsonSerializer\std_stream.cpp">
      <Filter>src\_micro-api-readonly\libraries\ArduinoJson</Filter>
    </ClCompile>
    <ClCompile Include="..\libraries\ArduinoJson\extras\tests\JsonSerializer\std_string.cpp">
      <Filter>src\_micro-api-readonly\libraries\ArduinoJson</Filter>
    </ClCompile>
    <ClCompile Include="..\libraries\ArduinoJson\extras\tests\JsonVariant\add.cpp">
      <Filter>src\_micro-api-readonly\libraries\ArduinoJson</Filter>
    </ClCompile>
    <ClCompile Include="..\libraries\ArduinoJson\extras\tests\JsonVariant\as.cpp">
      <Filter>src\_micro-api-readonly\libraries\ArduinoJson</Filter>
    </ClCompile>
    <ClCompile Include="..\libraries\ArduinoJson\extras\tests\JsonVariant\clear.cpp">
      <Filter>src\_micro-api-readonly\libraries\ArduinoJson</Filter>
    </ClCompile>
    <ClCompile Include="..\libraries\ArduinoJson\extras\tests\JsonVariant\compare.cpp">
      <Filter>src\_micro-api-readonly\libraries\ArduinoJson</Filter>
    </ClCompile>
    <ClCompile Include="..\libraries\ArduinoJson\extras\tests\JsonVariant\containsKey.cpp">
      <Filter>src\_micro-api-readonly\libraries\ArduinoJson</Filter>
    </ClCompile>
    <ClCompile Include="..\libraries\ArduinoJson\extras\tests\JsonVariant\copy.cpp">
      <Filter>src\_micro-api-readonly\libraries\ArduinoJson</Filter>
    </ClCompile>
    <ClCompile Include="..\libraries\ArduinoJson\extras\tests\JsonVariant\createNested.cpp">
      <Filter>src\_micro-api-readonly\libraries\ArduinoJson</Filter>
    </ClCompile>
    <ClCompile Include="..\libraries\ArduinoJson\extras\tests\JsonVariant\is.cpp">
      <Filter>src\_micro-api-readonly\libraries\ArduinoJson</Filter>
    </ClCompile>
    <ClCompile Include="..\libraries\ArduinoJson\extras\tests\JsonVariant\isnull.cpp">
      <Filter>src\_micro-api-readonly\libraries\ArduinoJson</Filter>
    </ClCompile>
    <ClCompile Include="..\libraries\ArduinoJson\extras\tests\JsonVariant\memoryUsage.cpp">
      <Filter>src\_micro-api-readonly\libraries\ArduinoJson</Filter>
    </ClCompile>
    <ClCompile Include="..\libraries\ArduinoJson\extras\tests\JsonVariant\misc.cpp">
      <Filter>src\_micro-api-readonly\libraries\ArduinoJson</Filter>
    </ClCompile>
    <ClCompile Include="..\libraries\ArduinoJson\extras\tests\JsonVariant\nesting.cpp">
      <Filter>src\_micro-api-readonly\libraries\ArduinoJson</Filter>
    </ClCompile>
    <ClCompile Include="..\libraries\ArduinoJson\extras\tests\JsonVariant\or.cpp">
      <Filter>src\_micro-api-readonly\libraries\ArduinoJson</Filter>
    </ClCompile>
    <ClCompile Include="..\libraries\ArduinoJson\extras\tests\JsonVariant\overflow.cpp">
      <Filter>src\_micro-api-readonly\libraries\ArduinoJson</Filter>
    </ClCompile>
    <ClCompile Include="..\libraries\ArduinoJson\extras\tests\JsonVariant\remove.cpp">
      <Filter>src\_micro-api-readonly\libraries\ArduinoJson</Filter>
    </ClCompile>
    <ClCompile Include="..\libraries\ArduinoJson\extras\tests\JsonVariant\set.cpp">
      <Filter>src\_micro-api-readonly\libraries\ArduinoJson</Filter>
    </ClCompile>
    <ClCompile Include="..\libraries\ArduinoJson\extras\tests\JsonVariant\subscript.cpp">
      <Filter>src\_micro-api-readonly\libraries\ArduinoJson</Filter>
    </ClCompile>
    <ClCompile Include="..\libraries\ArduinoJson\extras\tests\JsonVariant\types.cpp">
      <Filter>src\_micro-api-readonly\libraries\ArduinoJson</Filter>
    </ClCompile>
    <ClCompile Include="..\libraries\ArduinoJson\extras\tests\JsonVariant\undefined.cpp">
      <Filter>src\_micro-api-readonly\libraries\ArduinoJson</Filter>
    </ClCompile>
    <ClCompile Include="..\libraries\ArduinoJson\extras\tests\MemberProxy\add.cpp">
      <Filter>src\_micro-api-readonly\libraries\ArduinoJson</Filter>
    </ClCompile>
    <ClCompile Include="..\libraries\ArduinoJson\extras\tests\MemberProxy\clear.cpp">
      <Filter>src\_micro-api-readonly\libraries\ArduinoJson</Filter>
    </ClCompile>
    <ClCompile Include="..\libraries\ArduinoJson\extras\tests\MemberProxy\compare.cpp">
      <Filter>src\_micro-api-readonly\libraries\ArduinoJson</Filter>
    </ClCompile>
    <ClCompile Include="..\libraries\ArduinoJson\extras\tests\MemberProxy\containsKey.cpp">
      <Filter>src\_micro-api-readonly\libraries\ArduinoJson</Filter>
    </ClCompile>
    <ClCompile Include="..\libraries\ArduinoJson\extras\tests\MemberProxy\remove.cpp">
      <Filter>src\_micro-api-readonly\libraries\ArduinoJson</Filter>
    </ClCompile>
    <ClCompile Include="..\libraries\ArduinoJson\extras\tests\MemberProxy\set.cpp">
      <Filter>src\_micro-api-readonly\libraries\ArduinoJson</Filter>
    </ClCompile>
    <ClCompile Include="..\libraries\ArduinoJson\extras\tests\MemberProxy\size.cpp">
      <Filter>src\_micro-api-readonly\libraries\ArduinoJson</Filter>
    </ClCompile>
    <ClCompile Include="..\libraries\ArduinoJson\extras\tests\MemberProxy\subscript.cpp">
      <Filter>src\_micro-api-readonly\libraries\ArduinoJson</Filter>
    </ClCompile>
    <ClCompile Include="..\libraries\ArduinoJson\extras\tests\MemoryPool\allocString.cpp">
      <Filter>src\_micro-api-readonly\libraries\ArduinoJson</Filter>
    </ClCompile>
    <ClCompile Include="..\libraries\ArduinoJson\extras\tests\MemoryPool\allocVariant.cpp">
      <Filter>src\_micro-api-readonly\libraries\ArduinoJson</Filter>
    </ClCompile>
    <ClCompile Include="..\libraries\ArduinoJson\extras\tests\MemoryPool\clear.cpp">
      <Filter>src\_micro-api-readonly\libraries\ArduinoJson</Filter>
    </ClCompile>
    <ClCompile Include="..\libraries\ArduinoJson\extras\tests\MemoryPool\size.cpp">
      <Filter>src\_micro-api-readonly\libraries\ArduinoJson</Filter>
    </ClCompile>
    <ClCompile Include="..\libraries\ArduinoJson\extras\tests\MemoryPool\StringBuilder.cpp">
      <Filter>src\_micro-api-readonly\libraries\ArduinoJson</Filter>
    </ClCompile>
    <ClCompile Include="..\libraries\ArduinoJson\extras\tests\Misc\conflicts.cpp">
      <Filter>src\_micro-api-readonly\libraries\ArduinoJson</Filter>
    </ClCompile>
    <ClCompile Include="..\libraries\ArduinoJson\extras\tests\Misc\FloatParts.cpp">
      <Filter>src\_micro-api-readonly\libraries\ArduinoJson</Filter>
    </ClCompile>
    <ClCompile Include="..\libraries\ArduinoJson\extras\tests\Misc\Issue978.cpp">
      <Filter>src\_micro-api-readonly\libraries\ArduinoJson</Filter>
    </ClCompile>
    <ClCompile Include="..\libraries\ArduinoJson\extras\tests\Misc\StreamReader.cpp">
      <Filter>src\_micro-api-readonly\libraries\ArduinoJson</Filter>
    </ClCompile>
    <ClCompile Include="..\libraries\ArduinoJson\extras\tests\Misc\StringAdapters.cpp">
      <Filter>src\_micro-api-readonly\libraries\ArduinoJson</Filter>
    </ClCompile>
    <ClCompile Include="..\libraries\ArduinoJson\extras\tests\Misc\StringWriter.cpp">
      <Filter>src\_micro-api-readonly\libraries\ArduinoJson</Filter>
    </ClCompile>
    <ClCompile Include="..\libraries\ArduinoJson\extras\tests\Misc\TypeTraits.cpp">
      <Filter>src\_micro-api-readonly\libraries\ArduinoJson</Filter>
    </ClCompile>
    <ClCompile Include="..\libraries\ArduinoJson\extras\tests\Misc\unsigned_char.cpp">
      <Filter>src\_micro-api-readonly\libraries\ArduinoJson</Filter>
    </ClCompile>
    <ClCompile Include="..\libraries\ArduinoJson\extras\tests\Misc\version.cpp">
      <Filter>src\_micro-api-readonly\libraries\ArduinoJson</Filter>
    </ClCompile>
    <ClCompile Include="..\libraries\ArduinoJson\extras\tests\MixedConfiguration\cpp11.cpp">
      <Filter>src\_micro-api-readonly\libraries\ArduinoJson</Filter>
    </ClCompile>
    <ClCompile Include="..\libraries\ArduinoJson\extras\tests\MixedConfiguration\decode_unicode_0.cpp">
      <Filter>src\_micro-api-readonly\libraries\ArduinoJson</Filter>
    </ClCompile>
    <ClCompile Include="..\libraries\ArduinoJson\extras\tests\MixedConfiguration\decode_unicode_1.cpp">
      <Filter>src\_micro-api-readonly\libraries\ArduinoJson</Filter>
    </ClCompile>
    <ClCompile Include="..\libraries\ArduinoJson\extras\tests\MixedConfiguration\enable_infinity_0.cpp">
      <Filter>src\_micro-api-readonly\libraries\ArduinoJson</Filter>
    </ClCompile>
    <ClCompile Include="..\libraries\ArduinoJson\extras\tests\MixedConfiguration\enable_infinity_1.cpp">
      <Filter>src\_micro-api-readonly\libraries\ArduinoJson</Filter>
    </ClCompile>
    <ClCompile Include="..\libraries\ArduinoJson\extras\tests\MixedConfiguration\enable_nan_0.cpp">
      <Filter>src\_micro-api-readonly\libraries\ArduinoJson</Filter>
    </ClCompile>
    <ClCompile Include="..\libraries\ArduinoJson\extras\tests\MixedConfiguration\enable_nan_1.cpp">
      <Filter>src\_micro-api-readonly\libraries\ArduinoJson</Filter>
    </ClCompile>
    <ClCompile Include="..\libraries\ArduinoJson\extras\tests\MixedConfiguration\enable_progmem_1.cpp">
      <Filter>src\_micro-api-readonly\libraries\ArduinoJson</Filter>
    </ClCompile>
    <ClCompile Include="..\libraries\ArduinoJson\extras\tests\MixedConfiguration\use_double_0.cpp">
      <Filter>src\_micro-api-readonly\libraries\ArduinoJson</Filter>
    </ClCompile>
    <ClCompile Include="..\libraries\ArduinoJson\extras\tests\MixedConfiguration\use_double_1.cpp">
      <Filter>src\_micro-api-readonly\libraries\ArduinoJson</Filter>
    </ClCompile>
    <ClCompile Include="..\libraries\ArduinoJson\extras\tests\MixedConfiguration\use_long_long_0.cpp">
      <Filter>src\_micro-api-readonly\libraries\ArduinoJson</Filter>
    </ClCompile>
    <ClCompile Include="..\libraries\ArduinoJson\extras\tests\MixedConfiguration\use_long_long_1.cpp">
      <Filter>src\_micro-api-readonly\libraries\ArduinoJson</Filter>
    </ClCompile>
    <ClCompile Include="..\libraries\ArduinoJson\extras\tests\MsgPackDeserializer\deserializeArray.cpp">
      <Filter>src\_micro-api-readonly\libraries\ArduinoJson</Filter>
    </ClCompile>
    <ClCompile Include="..\libraries\ArduinoJson\extras\tests\MsgPackDeserializer\deserializeObject.cpp">
      <Filter>src\_micro-api-readonly\libraries\ArduinoJson</Filter>
    </ClCompile>
    <ClCompile Include="..\libraries\ArduinoJson\extras\tests\MsgPackDeserializer\deserializeStaticVariant.cpp">
      <Filter>src\_micro-api-readonly\libraries\ArduinoJson</Filter>
    </ClCompile>
    <ClCompile Include="..\libraries\ArduinoJson\extras\tests\MsgPackDeserializer\deserializeVariant.cpp">
      <Filter>src\_micro-api-readonly\libraries\ArduinoJson</Filter>
    </ClCompile>
    <ClCompile Include="..\libraries\ArduinoJson\extras\tests\MsgPackDeserializer\doubleToFloat.cpp">
      <Filter>src\_micro-api-readonly\libraries\ArduinoJson</Filter>
    </ClCompile>
    <ClCompile Include="..\libraries\ArduinoJson\extras\tests\MsgPackDeserializer\incompleteInput.cpp">
      <Filter>src\_micro-api-readonly\libraries\ArduinoJson</Filter>
    </ClCompile>
    <ClCompile Include="..\libraries\ArduinoJson\extras\tests\MsgPackDeserializer\input_types.cpp">
      <Filter>src\_micro-api-readonly\libraries\ArduinoJson</Filter>
    </ClCompile>
    <ClCompile Include="..\libraries\ArduinoJson\extras\tests\MsgPackDeserializer\nestingLimit.cpp">
      <Filter>src\_micro-api-readonly\libraries\ArduinoJson</Filter>
    </ClCompile>
    <ClCompile Include="..\libraries\ArduinoJson\extras\tests\MsgPackDeserializer\notSupported.cpp">
      <Filter>src\_micro-api-readonly\libraries\ArduinoJson</Filter>
    </ClCompile>
    <ClCompile Include="..\libraries\ArduinoJson\extras\tests\MsgPackSerializer\destination_types.cpp">
      <Filter>src\_micro-api-readonly\libraries\ArduinoJson</Filter>
    </ClCompile>
    <ClCompile Include="..\libraries\ArduinoJson\extras\tests\MsgPackSerializer\measure.cpp">
      <Filter>src\_micro-api-readonly\libraries\ArduinoJson</Filter>
    </ClCompile>
    <ClCompile Include="..\libraries\ArduinoJson\extras\tests\MsgPackSerializer\misc.cpp">
      <Filter>src\_micro-api-readonly\libraries\ArduinoJson</Filter>
    </ClCompile>
    <ClCompile Include="..\libraries\ArduinoJson\extras\tests\MsgPackSerializer\serializeArray.cpp">
      <Filter>src\_micro-api-readonly\libraries\ArduinoJson</Filter>
    </ClCompile>
    <ClCompile Include="..\libraries\ArduinoJson\extras\tests\MsgPackSerializer\serializeObject.cpp">
      <Filter>src\_micro-api-readonly\libraries\ArduinoJson</Filter>
    </ClCompile>
    <ClCompile Include="..\libraries\ArduinoJson\extras\tests\MsgPackSerializer\serializeVariant.cpp">
      <Filter>src\_micro-api-readonly\libraries\ArduinoJson</Filter>
    </ClCompile>
    <ClCompile Include="..\libraries\ArduinoJson\extras\tests\Numbers\parseFloat.cpp">
      <Filter>src\_micro-api-readonly\libraries\ArduinoJson</Filter>
    </ClCompile>
    <ClCompile Include="..\libraries\ArduinoJson\extras\tests\Numbers\parseInteger.cpp">
      <Filter>src\_micro-api-readonly\libraries\ArduinoJson</Filter>
    </ClCompile>
    <ClCompile Include="..\libraries\ArduinoJson\extras\tests\Numbers\parseNumber.cpp">
      <Filter>src\_micro-api-readonly\libraries\ArduinoJson</Filter>
    </ClCompile>
    <ClCompile Include="..\libraries\ArduinoJson\extras\tests\TextFormatter\writeFloat.cpp">
      <Filter>src\_micro-api-readonly\libraries\ArduinoJson</Filter>
    </ClCompile>
    <ClCompile Include="..\libraries\ArduinoJson\extras\tests\TextFormatter\writeString.cpp">
      <Filter>src\_micro-api-readonly\libraries\ArduinoJson</Filter>
    </ClCompile>
    <ClCompile Include="C:\Users\admin\AppData\Local\arduino15\packages\esp32\hardware\esp32\1.0.3\libraries\WiFi\src\ETH.cpp">
      <Filter>src\_micro-api-readonly\libraries\WiFi</Filter>
    </ClCompile>
    <ClCompile Include="C:\Users\admin\AppData\Local\arduino15\packages\esp32\hardware\esp32\1.0.3\libraries\WiFi\src\WiFi.cpp">
      <Filter>src\_micro-api-readonly\libraries\WiFi</Filter>
    </ClCompile>
    <ClCompile Include="C:\Users\admin\AppData\Local\arduino15\packages\esp32\hardware\esp32\1.0.3\libraries\WiFi\src\WiFiAP.cpp">
      <Filter>src\_micro-api-readonly\libraries\WiFi</Filter>
    </ClCompile>
    <ClCompile Include="C:\Users\admin\AppData\Local\arduino15\packages\esp32\hardware\esp32\1.0.3\libraries\WiFi\src\WiFiClient.cpp">
      <Filter>src\_micro-api-readonly\libraries\WiFi</Filter>
    </ClCompile>
    <ClCompile Include="C:\Users\admin\AppData\Local\arduino15\packages\esp32\hardware\esp32\1.0.3\libraries\WiFi\src\WiFiGeneric.cpp">
      <Filter>src\_micro-api-readonly\libraries\WiFi</Filter>
    </ClCompile>
    <ClCompile Include="C:\Users\admin\AppData\Local\arduino15\packages\esp32\hardware\esp32\1.0.3\libraries\WiFi\src\WiFiMulti.cpp">
      <Filter>src\_micro-api-readonly\libraries\WiFi</Filter>
    </ClCompile>
    <ClCompile Include="C:\Users\admin\AppData\Local\arduino15\packages\esp32\hardware\esp32\1.0.3\libraries\WiFi\src\WiFiScan.cpp">
      <Filter>src\_micro-api-readonly\libraries\WiFi</Filter>
    </ClCompile>
    <ClCompile Include="C:\Users\admin\AppData\Local\arduino15\packages\esp32\hardware\esp32\1.0.3\libraries\WiFi\src\WiFiServer.cpp">
      <Filter>src\_micro-api-readonly\libraries\WiFi</Filter>
    </ClCompile>
    <ClCompile Include="C:\Users\admin\AppData\Local\arduino15\packages\esp32\hardware\esp32\1.0.3\libraries\WiFi\src\WiFiSTA.cpp">
      <Filter>src\_micro-api-readonly\libraries\WiFi</Filter>
    </ClCompile>
    <ClCompile Include="C:\Users\admin\AppData\Local\arduino15\packages\esp32\hardware\esp32\1.0.3\libraries\WiFi\src\WiFiUdp.cpp">
      <Filter>src\_micro-api-readonly\libraries\WiFi</Filter>
    </ClCompile>
    <ClCompile Include="C:\Users\admin\AppData\Local\arduino15\packages\esp32\hardware\esp32\1.0.3\libraries\WebServer\src\Parsing.cpp">
      <Filter>src\_micro-api-readonly\libraries\WebServer</Filter>
    </ClCompile>
    <ClCompile Include="C:\Users\admin\AppData\Local\arduino15\packages\esp32\hardware\esp32\1.0.3\libraries\WebServer\src\WebServer.cpp">
      <Filter>src\_micro-api-readonly\libraries\WebServer</Filter>
    </ClCompile>
    <ClCompile Include="C:\Users\admin\AppData\Local\arduino15\packages\esp32\hardware\esp32\1.0.3\libraries\WebServer\src\detail\mimetable.cpp">
      <Filter>src\_micro-api-readonly\libraries\WebServer</Filter>
    </ClCompile>
    <ClCompile Include="C:\Users\admin\AppData\Local\arduino15\packages\esp32\hardware\esp32\1.0.3\libraries\ESPmDNS\src\ESPmDNS.cpp">
      <Filter>src\_micro-api-readonly\libraries\ESPmDNS</Filter>
    </ClCompile>
    <ClCompile Include="C:\Users\admin\AppData\Local\arduino15\packages\esp32\hardware\esp32\1.0.3\libraries\FS\src\FS.cpp">
      <Filter>src\_micro-api-readonly\libraries\FS</Filter>
    </ClCompile>
    <ClCompile Include="C:\Users\admin\AppData\Local\arduino15\packages\esp32\hardware\esp32\1.0.3\libraries\FS\src\vfs_api.cpp">
      <Filter>src\_micro-api-readonly\libraries\FS</Filter>
    </ClCompile>
    <ClCompile Include="C:\Users\admin\AppData\Local\arduino15\packages\esp32\hardware\esp32\1.0.3\libraries\SPIFFS\src\SPIFFS.cpp">
      <Filter>src\_micro-api-readonly\libraries\SPIFFS</Filter>
    </ClCompile>
    <ClCompile Include="..\libraries\OneButton\src\OneButton.cpp">
      <Filter>src\_micro-api-readonly\libraries\OneButton</Filter>
    </ClCompile>
    <ClCompile Include="C:\Users\admin\AppData\Local\arduino15\packages\esp32\hardware\esp32\1.0.3\libraries\Wire\src\Wire.cpp">
      <Filter>src\_micro-api-readonly\libraries\Wire</Filter>
    </ClCompile>
    <ClCompile Include="..\libraries\LiquidCrystal_I2C\LiquidCrystal_I2C.cpp">
      <Filter>src\_micro-api-readonly\libraries\LiquidCrystal_I2C</Filter>
    </ClCompile>
  </ItemGroup>
  <ItemGroup>
    <Text Include="..\libraries\Arduino_JSON\keywords.txt">
      <Filter>src\_micro-api-readonly\libraries\Arduino_JSON</Filter>
    </Text>
    <Text Include="..\libraries\ArduinoJson\CMakeLists.txt">
      <Filter>src\_micro-api-readonly\libraries\ArduinoJson</Filter>
    </Text>
    <Text Include="..\libraries\ArduinoJson\keywords.txt">
      <Filter>src\_micro-api-readonly\libraries\ArduinoJson</Filter>
    </Text>
    <Text Include="..\libraries\ArduinoJson\extras\fuzzing\CMakeLists.txt">
      <Filter>src\_micro-api-readonly\libraries\ArduinoJson</Filter>
    </Text>
    <Text Include="..\libraries\ArduinoJson\extras\tests\CMakeLists.txt">
      <Filter>src\_micro-api-readonly\libraries\ArduinoJson</Filter>
    </Text>
    <Text Include="..\libraries\ArduinoJson\extras\tests\catch\CMakeLists.txt">
      <Filter>src\_micro-api-readonly\libraries\ArduinoJson</Filter>
    </Text>
    <Text Include="..\libraries\ArduinoJson\extras\tests\ElementProxy\CMakeLists.txt">
      <Filter>src\_micro-api-readonly\libraries\ArduinoJson</Filter>
    </Text>
    <Text Include="..\libraries\ArduinoJson\extras\tests\IntegrationTests\CMakeLists.txt">
      <Filter>src\_micro-api-readonly\libraries\ArduinoJson</Filter>
    </Text>
    <Text Include="..\libraries\ArduinoJson\extras\tests\JsonArray\CMakeLists.txt">
      <Filter>src\_micro-api-readonly\libraries\ArduinoJson</Filter>
    </Text>
    <Text Include="..\libraries\ArduinoJson\extras\tests\JsonDeserializer\CMakeLists.txt">
      <Filter>src\_micro-api-readonly\libraries\ArduinoJson</Filter>
    </Text>
    <Text Include="..\libraries\ArduinoJson\extras\tests\JsonDocument\CMakeLists.txt">
      <Filter>src\_micro-api-readonly\libraries\ArduinoJson</Filter>
    </Text>
    <Text Include="..\libraries\ArduinoJson\extras\tests\JsonObject\CMakeLists.txt">
      <Filter>src\_micro-api-readonly\libraries\ArduinoJson</Filter>
    </Text>
    <Text Include="..\libraries\ArduinoJson\extras\tests\JsonSerializer\CMakeLists.txt">
      <Filter>src\_micro-api-readonly\libraries\ArduinoJson</Filter>
    </Text>
    <Text Include="..\libraries\ArduinoJson\extras\tests\JsonVariant\CMakeLists.txt">
      <Filter>src\_micro-api-readonly\libraries\ArduinoJson</Filter>
    </Text>
    <Text Include="..\libraries\ArduinoJson\extras\tests\MemberProxy\CMakeLists.txt">
      <Filter>src\_micro-api-readonly\libraries\ArduinoJson</Filter>
    </Text>
    <Text Include="..\libraries\ArduinoJson\extras\tests\MemoryPool\CMakeLists.txt">
      <Filter>src\_micro-api-readonly\libraries\ArduinoJson</Filter>
    </Text>
    <Text Include="..\libraries\ArduinoJson\extras\tests\Misc\CMakeLists.txt">
      <Filter>src\_micro-api-readonly\libraries\ArduinoJson</Filter>
    </Text>
    <Text Include="..\libraries\ArduinoJson\extras\tests\MixedConfiguration\CMakeLists.txt">
      <Filter>src\_micro-api-readonly\libraries\ArduinoJson</Filter>
    </Text>
    <Text Include="..\libraries\ArduinoJson\extras\tests\MsgPackDeserializer\CMakeLists.txt">
      <Filter>src\_micro-api-readonly\libraries\ArduinoJson</Filter>
    </Text>
    <Text Include="..\libraries\ArduinoJson\extras\tests\MsgPackSerializer\CMakeLists.txt">
      <Filter>src\_micro-api-readonly\libraries\ArduinoJson</Filter>
    </Text>
    <Text Include="..\libraries\ArduinoJson\extras\tests\Numbers\CMakeLists.txt">
      <Filter>src\_micro-api-readonly\libraries\ArduinoJson</Filter>
    </Text>
    <Text Include="..\libraries\ArduinoJson\extras\tests\TextFormatter\CMakeLists.txt">
      <Filter>src\_micro-api-readonly\libraries\ArduinoJson</Filter>
    </Text>
    <Text Include="C:\Users\admin\AppData\Local\arduino15\packages\esp32\hardware\esp32\1.0.3\libraries\WiFi\keywords.txt">
      <Filter>src\_micro-api-readonly\libraries\WiFi</Filter>
    </Text>
    <Text Include="C:\Users\admin\AppData\Local\arduino15\packages\esp32\hardware\esp32\1.0.3\libraries\WebServer\keywords.txt">
      <Filter>src\_micro-api-readonly\libraries\WebServer</Filter>
    </Text>
    <Text Include="C:\Users\admin\AppData\Local\arduino15\packages\esp32\hardware\esp32\1.0.3\libraries\ESPmDNS\keywords.txt">
      <Filter>src\_micro-api-readonly\libraries\ESPmDNS</Filter>
    </Text>
    <Text Include="..\libraries\OneButton\keywords.txt">
      <Filter>src\_micro-api-readonly\libraries\OneButton</Filter>
    </Text>
    <Text Include="C:\Users\admin\AppData\Local\arduino15\packages\esp32\hardware\esp32\1.0.3\libraries\Wire\keywords.txt">
      <Filter>src\_micro-api-readonly\libraries\Wire</Filter>
    </Text>
    <Text Include="..\libraries\LiquidCrystal_I2C\keywords.txt">
      <Filter>src\_micro-api-readonly\libraries\LiquidCrystal_I2C</Filter>
    </Text>
  </ItemGroup>
</Project>